// !$*UTF8*$!
{
	archiveVersion = 1;
	classes = {
	};
	objectVersion = 51;
	objects = {

/* Begin PBXBuildFile section */
		CB30F9E0262420A700619C60 /* AppDelegate.m in Sources */ = {isa = PBXBuildFile; fileRef = CB30F9DF262420A700619C60 /* AppDelegate.m */; };
		CB30F9EB262420A700619C60 /* Assets.xcassets in Resources */ = {isa = PBXBuildFile; fileRef = CB30F9EA262420A700619C60 /* Assets.xcassets */; };
		CB30F9EE262420A700619C60 /* LaunchScreen.storyboard in Resources */ = {isa = PBXBuildFile; fileRef = CB30F9EC262420A700619C60 /* LaunchScreen.storyboard */; };
		CB30F9F1262420A700619C60 /* main.m in Sources */ = {isa = PBXBuildFile; fileRef = CB30F9F0262420A700619C60 /* main.m */; };
		CB30F9FB262420A800619C60 /* ShunyiTests.m in Sources */ = {isa = PBXBuildFile; fileRef = CB30F9FA262420A800619C60 /* ShunyiTests.m */; };
		CB30FA06262420A800619C60 /* ShunyiUITests.m in Sources */ = {isa = PBXBuildFile; fileRef = CB30FA05262420A800619C60 /* ShunyiUITests.m */; };
		CB30FA24262426B200619C60 /* PrefixHeader_pch in Resources */ = {isa = PBXBuildFile; fileRef = CB30FA23262426B200619C60 /* PrefixHeader_pch */; };
		CB30FA3F262427DF00619C60 /* LoginViewController.m in Sources */ = {isa = PBXBuildFile; fileRef = CB30FA3E262427DF00619C60 /* LoginViewController.m */; };
		CB30FA44262427EB00619C60 /* Login.storyboard in Resources */ = {isa = PBXBuildFile; fileRef = CB30FA43262427EB00619C60 /* Login.storyboard */; };
		CB30FA4B26242DBD00619C60 /* BaseViewController.m in Sources */ = {isa = PBXBuildFile; fileRef = CB30FA4A26242DBD00619C60 /* BaseViewController.m */; };
		CB30FA622624344500619C60 /* HomePage.storyboard in Resources */ = {isa = PBXBuildFile; fileRef = CB30FA612624344500619C60 /* HomePage.storyboard */; };
		CB30FA6A2624346500619C60 /* XSMainTabBarController.m in Sources */ = {isa = PBXBuildFile; fileRef = CB30FA662624346500619C60 /* XSMainTabBarController.m */; };
		CB30FA6B2624346500619C60 /* XSTabBar.m in Sources */ = {isa = PBXBuildFile; fileRef = CB30FA692624346500619C60 /* XSTabBar.m */; };
		CB30FA77262434DB00619C60 /* XSNavigationViewController.m in Sources */ = {isa = PBXBuildFile; fileRef = CB30FA76262434DB00619C60 /* XSNavigationViewController.m */; };
		CB30FA822624363800619C60 /* UserInfo.storyboard in Resources */ = {isa = PBXBuildFile; fileRef = CB30FA812624363800619C60 /* UserInfo.storyboard */; };
		CB30FA882624365200619C60 /* UserInfoViewController.m in Sources */ = {isa = PBXBuildFile; fileRef = CB30FA872624365200619C60 /* UserInfoViewController.m */; };
		CB30FA8D262436B500619C60 /* Category.storyboard in Resources */ = {isa = PBXBuildFile; fileRef = CB30FA8C262436B500619C60 /* Category.storyboard */; };
		CB30FA93262436C300619C60 /* CategoryViewController.m in Sources */ = {isa = PBXBuildFile; fileRef = CB30FA92262436C300619C60 /* CategoryViewController.m */; };
		CB30FA98262436FC00619C60 /* Home.storyboard in Resources */ = {isa = PBXBuildFile; fileRef = CB30FA97262436FC00619C60 /* Home.storyboard */; };
		CB30FA9E2624370500619C60 /* HomeViewController.m in Sources */ = {isa = PBXBuildFile; fileRef = CB30FA9D2624370500619C60 /* HomeViewController.m */; };
		CB30FB1B26252D2A00619C60 /* CGXVerticalMenuMoreListModel.m in Sources */ = {isa = PBXBuildFile; fileRef = CB30FABC26252D2A00619C60 /* CGXVerticalMenuMoreListModel.m */; };
		CB30FB1C26252D2A00619C60 /* CGXVerticalMenuMoreListSectionModel.m in Sources */ = {isa = PBXBuildFile; fileRef = CB30FABD26252D2A00619C60 /* CGXVerticalMenuMoreListSectionModel.m */; };
		CB30FB1D26252D2A00619C60 /* CGXVerticalMenuMoreListSectionItemModel.m in Sources */ = {isa = PBXBuildFile; fileRef = CB30FABE26252D2A00619C60 /* CGXVerticalMenuMoreListSectionItemModel.m */; };
		CB30FB1E26252D2A00619C60 /* CGXVerticalMenuMoreListViewItemCell.m in Sources */ = {isa = PBXBuildFile; fileRef = CB30FABF26252D2A00619C60 /* CGXVerticalMenuMoreListViewItemCell.m */; };
		CB30FB1F26252D2A00619C60 /* CGXVerticalMenuMoreListView.m in Sources */ = {isa = PBXBuildFile; fileRef = CB30FAC226252D2A00619C60 /* CGXVerticalMenuMoreListView.m */; };
		CB30FB2026252D2A00619C60 /* CGXVerticalMenuMoreListTitleView.m in Sources */ = {isa = PBXBuildFile; fileRef = CB30FAC326252D2A00619C60 /* CGXVerticalMenuMoreListTitleView.m */; };
		CB30FB2126252D2A00619C60 /* CGXVerticalMenuMoreListViewCell.m in Sources */ = {isa = PBXBuildFile; fileRef = CB30FAC926252D2A00619C60 /* CGXVerticalMenuMoreListViewCell.m */; };
		CB30FB2226252D2A00619C60 /* CGXVerticalMenuMoreListTitleModel.m in Sources */ = {isa = PBXBuildFile; fileRef = CB30FACA26252D2A00619C60 /* CGXVerticalMenuMoreListTitleModel.m */; };
		CB30FB2326252D2A00619C60 /* CGXVerticalMenuMoreView.m in Sources */ = {isa = PBXBuildFile; fileRef = CB30FACC26252D2A00619C60 /* CGXVerticalMenuMoreView.m */; };
		CB30FB2426252D2A00619C60 /* CGXVerticalMenuCategoryListModel.m in Sources */ = {isa = PBXBuildFile; fileRef = CB30FACE26252D2A00619C60 /* CGXVerticalMenuCategoryListModel.m */; };
		CB30FB2526252D2A00619C60 /* CGXVerticalMenuCategoryView.m in Sources */ = {isa = PBXBuildFile; fileRef = CB30FACF26252D2A00619C60 /* CGXVerticalMenuCategoryView.m */; };
		CB30FB2626252D2A00619C60 /* CGXVerticalMenuListContainerViewController.m in Sources */ = {isa = PBXBuildFile; fileRef = CB30FAD726252D2A00619C60 /* CGXVerticalMenuListContainerViewController.m */; };
		CB30FB2726252D2A00619C60 /* CGXVerticalMenuListContainerView.m in Sources */ = {isa = PBXBuildFile; fileRef = CB30FAD826252D2A00619C60 /* CGXVerticalMenuListContainerView.m */; };
		CB30FB2826252D2A00619C60 /* CGXVerticalMenuRoundFlowLayout.m in Sources */ = {isa = PBXBuildFile; fileRef = CB30FADB26252D2A00619C60 /* CGXVerticalMenuRoundFlowLayout.m */; };
		CB30FB2926252D2A00619C60 /* CGXVerticalMenuRoundModel.m in Sources */ = {isa = PBXBuildFile; fileRef = CB30FADC26252D2A00619C60 /* CGXVerticalMenuRoundModel.m */; };
		CB30FB2A26252D2A00619C60 /* CGXVerticalMenuRoundReusableView.m in Sources */ = {isa = PBXBuildFile; fileRef = CB30FADE26252D2A00619C60 /* CGXVerticalMenuRoundReusableView.m */; };
		CB30FB2B26252D2A00619C60 /* CGXVerticalMenuRoundFlowLayoutUtils.m in Sources */ = {isa = PBXBuildFile; fileRef = CB30FADF26252D2A00619C60 /* CGXVerticalMenuRoundFlowLayoutUtils.m */; };
		CB30FB2C26252D2A00619C60 /* CGXVerticalMenuRoundLayoutAttributes.m in Sources */ = {isa = PBXBuildFile; fileRef = CB30FAE226252D2A00619C60 /* CGXVerticalMenuRoundLayoutAttributes.m */; };
		CB30FB2D26252D2A00619C60 /* CGXVerticalMenuCustomBaseView.m in Sources */ = {isa = PBXBuildFile; fileRef = CB30FAE726252D2A00619C60 /* CGXVerticalMenuCustomBaseView.m */; };
		CB30FB2E26252D2A00619C60 /* CGXVerticalMenuCustomTableView.m in Sources */ = {isa = PBXBuildFile; fileRef = CB30FAE926252D2A00619C60 /* CGXVerticalMenuCustomTableView.m */; };
		CB30FB2F26252D2A00619C60 /* CGXVerticalMenuCustomCollectionView.m in Sources */ = {isa = PBXBuildFile; fileRef = CB30FAEA26252D2A00619C60 /* CGXVerticalMenuCustomCollectionView.m */; };
		CB30FB3026252D2A00619C60 /* CGXVerticalMenuCustomTextModel.m in Sources */ = {isa = PBXBuildFile; fileRef = CB30FAEB26252D2A00619C60 /* CGXVerticalMenuCustomTextModel.m */; };
		CB30FB3126252D2A00619C60 /* CGXVerticalMenuContainerView.m in Sources */ = {isa = PBXBuildFile; fileRef = CB30FAEE26252D2A00619C60 /* CGXVerticalMenuContainerView.m */; };
		CB30FB3226252D2A00619C60 /* CGXVerticalMenuContainerCollectionView.m in Sources */ = {isa = PBXBuildFile; fileRef = CB30FAF126252D2A00619C60 /* CGXVerticalMenuContainerCollectionView.m */; };
		CB30FB3326252D2A00619C60 /* CGXVerticalMenuCollectionSectionTextView.m in Sources */ = {isa = PBXBuildFile; fileRef = CB30FAF726252D2A00619C60 /* CGXVerticalMenuCollectionSectionTextView.m */; };
		CB30FB3426252D2A00619C60 /* CGXVerticalMenuCollectionItemModel.m in Sources */ = {isa = PBXBuildFile; fileRef = CB30FAF826252D2A00619C60 /* CGXVerticalMenuCollectionItemModel.m */; };
		CB30FB3526252D2A00619C60 /* CGXVerticalMenuCollectionCell.m in Sources */ = {isa = PBXBuildFile; fileRef = CB30FAF926252D2A00619C60 /* CGXVerticalMenuCollectionCell.m */; };
		CB30FB3626252D2A00619C60 /* CGXVerticalMenuCollectionSectionModel.m in Sources */ = {isa = PBXBuildFile; fileRef = CB30FAFA26252D2A00619C60 /* CGXVerticalMenuCollectionSectionModel.m */; };
		CB30FB3726252D2A00619C60 /* CGXVerticalMenuCollectionView.m in Sources */ = {isa = PBXBuildFile; fileRef = CB30FAFC26252D2A00619C60 /* CGXVerticalMenuCollectionView.m */; };
		CB30FB3826252D2A00619C60 /* CGXVerticalMenuBaseCell.m in Sources */ = {isa = PBXBuildFile; fileRef = CB30FB0026252D2A00619C60 /* CGXVerticalMenuBaseCell.m */; };
		CB30FB3926252D2A00619C60 /* CGXVerticalMenuBaseView.m in Sources */ = {isa = PBXBuildFile; fileRef = CB30FB0126252D2A00619C60 /* CGXVerticalMenuBaseView.m */; };
		CB30FB3A26252D2A00619C60 /* CGXVerticalMenuBaseModel.m in Sources */ = {isa = PBXBuildFile; fileRef = CB30FB0226252D2A00619C60 /* CGXVerticalMenuBaseModel.m */; };
		CB30FB3B26252D2A00619C60 /* CGXVerticalMenuIndicatorParamsModel.m in Sources */ = {isa = PBXBuildFile; fileRef = CB30FB0626252D2A00619C60 /* CGXVerticalMenuIndicatorParamsModel.m */; };
		CB30FB3C26252D2A00619C60 /* CGXVerticalMenuIndicatoCollectionView.m in Sources */ = {isa = PBXBuildFile; fileRef = CB30FB0826252D2A00619C60 /* CGXVerticalMenuIndicatoCollectionView.m */; };
		CB30FB3D26252D2A00619C60 /* CGXVerticalMenuTitleModel.m in Sources */ = {isa = PBXBuildFile; fileRef = CB30FB0E26252D2A00619C60 /* CGXVerticalMenuTitleModel.m */; };
		CB30FB3E26252D2A00619C60 /* CGXVerticalMenuTitleCell.m in Sources */ = {isa = PBXBuildFile; fileRef = CB30FB1026252D2A00619C60 /* CGXVerticalMenuTitleCell.m */; };
		CB30FB3F26252D2A00619C60 /* CGXVerticalMenuTitleView.m in Sources */ = {isa = PBXBuildFile; fileRef = CB30FB1126252D2A00619C60 /* CGXVerticalMenuTitleView.m */; };
		CB30FB4026252D2A00619C60 /* CGXVerticalMenuIndicatorComponentView.m in Sources */ = {isa = PBXBuildFile; fileRef = CB30FB1426252D2A00619C60 /* CGXVerticalMenuIndicatorComponentView.m */; };
		CB30FB4126252D2A00619C60 /* CGXVerticalMenuIndicatorBackgroundView.m in Sources */ = {isa = PBXBuildFile; fileRef = CB30FB1726252D2A00619C60 /* CGXVerticalMenuIndicatorBackgroundView.m */; };
		CB30FB4226252D2A00619C60 /* CGXVerticalMenuIndicatorLineView.m in Sources */ = {isa = PBXBuildFile; fileRef = CB30FB1926252D2A00619C60 /* CGXVerticalMenuIndicatorLineView.m */; };
		CB30FB5426252F9100619C60 /* TitleHeaderView.m in Sources */ = {isa = PBXBuildFile; fileRef = CB30FB5326252F9100619C60 /* TitleHeaderView.m */; };
		CBBB583B26E1B83300B9BC62 /* language_sentence.plist in Resources */ = {isa = PBXBuildFile; fileRef = CBBB583A26E1B83300B9BC62 /* language_sentence.plist */; };
		F5FB29CBA781D2216584B3F4 /* Pods_Shunyi.framework in Frameworks */ = {isa = PBXBuildFile; fileRef = 56EF86125C5C89AD8BE5AB34 /* Pods_Shunyi.framework */; };
/* End PBXBuildFile section */

/* Begin PBXContainerItemProxy section */
		CB30F9F7262420A800619C60 /* PBXContainerItemProxy */ = {
			isa = PBXContainerItemProxy;
			containerPortal = CB30F9D3262420A700619C60 /* Project object */;
			proxyType = 1;
			remoteGlobalIDString = CB30F9DA262420A700619C60;
			remoteInfo = Shunyi;
		};
		CB30FA02262420A800619C60 /* PBXContainerItemProxy */ = {
			isa = PBXContainerItemProxy;
			containerPortal = CB30F9D3262420A700619C60 /* Project object */;
			proxyType = 1;
			remoteGlobalIDString = CB30F9DA262420A700619C60;
			remoteInfo = Shunyi;
		};
/* End PBXContainerItemProxy section */

/* Begin PBXFileReference section */
		563872D94E7E614F5DD45581 /* Pods-Shunyi.release.xcconfig */ = {isa = PBXFileReference; includeInIndex = 1; lastKnownFileType = text.xcconfig; name = "Pods-Shunyi.release.xcconfig"; path = "Target Support Files/Pods-Shunyi/Pods-Shunyi.release.xcconfig"; sourceTree = "<group>"; };
		56EF86125C5C89AD8BE5AB34 /* Pods_Shunyi.framework */ = {isa = PBXFileReference; explicitFileType = wrapper.framework; includeInIndex = 0; path = Pods_Shunyi.framework; sourceTree = BUILT_PRODUCTS_DIR; };
		BB307EF61FE922AD12AE89FC /* Pods-Shunyi.debug.xcconfig */ = {isa = PBXFileReference; includeInIndex = 1; lastKnownFileType = text.xcconfig; name = "Pods-Shunyi.debug.xcconfig"; path = "Target Support Files/Pods-Shunyi/Pods-Shunyi.debug.xcconfig"; sourceTree = "<group>"; };
		CB30F9DB262420A700619C60 /* Shunyi.app */ = {isa = PBXFileReference; explicitFileType = wrapper.application; includeInIndex = 0; path = Shunyi.app; sourceTree = BUILT_PRODUCTS_DIR; };
		CB30F9DE262420A700619C60 /* AppDelegate.h */ = {isa = PBXFileReference; lastKnownFileType = sourcecode.c.h; path = AppDelegate.h; sourceTree = "<group>"; };
		CB30F9DF262420A700619C60 /* AppDelegate.m */ = {isa = PBXFileReference; lastKnownFileType = sourcecode.c.objc; path = AppDelegate.m; sourceTree = "<group>"; };
		CB30F9EA262420A700619C60 /* Assets.xcassets */ = {isa = PBXFileReference; lastKnownFileType = folder.assetcatalog; path = Assets.xcassets; sourceTree = "<group>"; };
		CB30F9ED262420A700619C60 /* Base */ = {isa = PBXFileReference; lastKnownFileType = file.storyboard; name = Base; path = Base.lproj/LaunchScreen.storyboard; sourceTree = "<group>"; };
		CB30F9EF262420A700619C60 /* Info.plist */ = {isa = PBXFileReference; lastKnownFileType = text.plist.xml; path = Info.plist; sourceTree = "<group>"; };
		CB30F9F0262420A700619C60 /* main.m */ = {isa = PBXFileReference; lastKnownFileType = sourcecode.c.objc; path = main.m; sourceTree = "<group>"; };
		CB30F9F6262420A800619C60 /* ShunyiTests.xctest */ = {isa = PBXFileReference; explicitFileType = wrapper.cfbundle; includeInIndex = 0; path = ShunyiTests.xctest; sourceTree = BUILT_PRODUCTS_DIR; };
		CB30F9FA262420A800619C60 /* ShunyiTests.m */ = {isa = PBXFileReference; lastKnownFileType = sourcecode.c.objc; path = ShunyiTests.m; sourceTree = "<group>"; };
		CB30F9FC262420A800619C60 /* Info.plist */ = {isa = PBXFileReference; lastKnownFileType = text.plist.xml; path = Info.plist; sourceTree = "<group>"; };
		CB30FA01262420A800619C60 /* ShunyiUITests.xctest */ = {isa = PBXFileReference; explicitFileType = wrapper.cfbundle; includeInIndex = 0; path = ShunyiUITests.xctest; sourceTree = BUILT_PRODUCTS_DIR; };
		CB30FA05262420A800619C60 /* ShunyiUITests.m */ = {isa = PBXFileReference; lastKnownFileType = sourcecode.c.objc; path = ShunyiUITests.m; sourceTree = "<group>"; };
		CB30FA07262420A800619C60 /* Info.plist */ = {isa = PBXFileReference; lastKnownFileType = text.plist.xml; path = Info.plist; sourceTree = "<group>"; };
		CB30FA222624264D00619C60 /* MacroDefinition.h */ = {isa = PBXFileReference; lastKnownFileType = sourcecode.c.h; path = MacroDefinition.h; sourceTree = "<group>"; };
		CB30FA23262426B200619C60 /* PrefixHeader_pch */ = {isa = PBXFileReference; explicitFileType = sourcecode.c.objc; fileEncoding = 4; path = PrefixHeader_pch; sourceTree = "<group>"; };
		CB30FA3D262427DF00619C60 /* LoginViewController.h */ = {isa = PBXFileReference; lastKnownFileType = sourcecode.c.h; path = LoginViewController.h; sourceTree = "<group>"; };
		CB30FA3E262427DF00619C60 /* LoginViewController.m */ = {isa = PBXFileReference; lastKnownFileType = sourcecode.c.objc; path = LoginViewController.m; sourceTree = "<group>"; };
		CB30FA43262427EB00619C60 /* Login.storyboard */ = {isa = PBXFileReference; lastKnownFileType = file.storyboard; path = Login.storyboard; sourceTree = "<group>"; };
		CB30FA4926242DBD00619C60 /* BaseViewController.h */ = {isa = PBXFileReference; lastKnownFileType = sourcecode.c.h; path = BaseViewController.h; sourceTree = "<group>"; };
		CB30FA4A26242DBD00619C60 /* BaseViewController.m */ = {isa = PBXFileReference; lastKnownFileType = sourcecode.c.objc; path = BaseViewController.m; sourceTree = "<group>"; };
		CB30FA612624344500619C60 /* HomePage.storyboard */ = {isa = PBXFileReference; lastKnownFileType = file.storyboard; path = HomePage.storyboard; sourceTree = "<group>"; };
		CB30FA662624346500619C60 /* XSMainTabBarController.m */ = {isa = PBXFileReference; fileEncoding = 4; lastKnownFileType = sourcecode.c.objc; path = XSMainTabBarController.m; sourceTree = "<group>"; };
		CB30FA672624346500619C60 /* XSMainTabBarController.h */ = {isa = PBXFileReference; fileEncoding = 4; lastKnownFileType = sourcecode.c.h; path = XSMainTabBarController.h; sourceTree = "<group>"; };
		CB30FA682624346500619C60 /* XSTabBar.h */ = {isa = PBXFileReference; fileEncoding = 4; lastKnownFileType = sourcecode.c.h; path = XSTabBar.h; sourceTree = "<group>"; };
		CB30FA692624346500619C60 /* XSTabBar.m */ = {isa = PBXFileReference; fileEncoding = 4; lastKnownFileType = sourcecode.c.objc; path = XSTabBar.m; sourceTree = "<group>"; };
		CB30FA75262434DB00619C60 /* XSNavigationViewController.h */ = {isa = PBXFileReference; fileEncoding = 4; lastKnownFileType = sourcecode.c.h; path = XSNavigationViewController.h; sourceTree = "<group>"; };
		CB30FA76262434DB00619C60 /* XSNavigationViewController.m */ = {isa = PBXFileReference; fileEncoding = 4; lastKnownFileType = sourcecode.c.objc; path = XSNavigationViewController.m; sourceTree = "<group>"; };
		CB30FA812624363800619C60 /* UserInfo.storyboard */ = {isa = PBXFileReference; lastKnownFileType = file.storyboard; path = UserInfo.storyboard; sourceTree = "<group>"; };
		CB30FA862624365200619C60 /* UserInfoViewController.h */ = {isa = PBXFileReference; lastKnownFileType = sourcecode.c.h; path = UserInfoViewController.h; sourceTree = "<group>"; };
		CB30FA872624365200619C60 /* UserInfoViewController.m */ = {isa = PBXFileReference; lastKnownFileType = sourcecode.c.objc; path = UserInfoViewController.m; sourceTree = "<group>"; };
		CB30FA8C262436B500619C60 /* Category.storyboard */ = {isa = PBXFileReference; lastKnownFileType = file.storyboard; path = Category.storyboard; sourceTree = "<group>"; };
		CB30FA91262436C300619C60 /* CategoryViewController.h */ = {isa = PBXFileReference; lastKnownFileType = sourcecode.c.h; path = CategoryViewController.h; sourceTree = "<group>"; };
		CB30FA92262436C300619C60 /* CategoryViewController.m */ = {isa = PBXFileReference; lastKnownFileType = sourcecode.c.objc; path = CategoryViewController.m; sourceTree = "<group>"; };
		CB30FA97262436FC00619C60 /* Home.storyboard */ = {isa = PBXFileReference; lastKnownFileType = file.storyboard; path = Home.storyboard; sourceTree = "<group>"; };
		CB30FA9C2624370500619C60 /* HomeViewController.h */ = {isa = PBXFileReference; lastKnownFileType = sourcecode.c.h; path = HomeViewController.h; sourceTree = "<group>"; };
		CB30FA9D2624370500619C60 /* HomeViewController.m */ = {isa = PBXFileReference; lastKnownFileType = sourcecode.c.objc; path = HomeViewController.m; sourceTree = "<group>"; };
		CB30FABA26252D2A00619C60 /* CGXVerticalMenuMoreView.h */ = {isa = PBXFileReference; fileEncoding = 4; lastKnownFileType = sourcecode.c.h; path = CGXVerticalMenuMoreView.h; sourceTree = "<group>"; };
		CB30FABC26252D2A00619C60 /* CGXVerticalMenuMoreListModel.m */ = {isa = PBXFileReference; fileEncoding = 4; lastKnownFileType = sourcecode.c.objc; path = CGXVerticalMenuMoreListModel.m; sourceTree = "<group>"; };
		CB30FABD26252D2A00619C60 /* CGXVerticalMenuMoreListSectionModel.m */ = {isa = PBXFileReference; fileEncoding = 4; lastKnownFileType = sourcecode.c.objc; path = CGXVerticalMenuMoreListSectionModel.m; sourceTree = "<group>"; };
		CB30FABE26252D2A00619C60 /* CGXVerticalMenuMoreListSectionItemModel.m */ = {isa = PBXFileReference; fileEncoding = 4; lastKnownFileType = sourcecode.c.objc; path = CGXVerticalMenuMoreListSectionItemModel.m; sourceTree = "<group>"; };
		CB30FABF26252D2A00619C60 /* CGXVerticalMenuMoreListViewItemCell.m */ = {isa = PBXFileReference; fileEncoding = 4; lastKnownFileType = sourcecode.c.objc; path = CGXVerticalMenuMoreListViewItemCell.m; sourceTree = "<group>"; };
		CB30FAC026252D2A00619C60 /* CGXVerticalMenuMoreListTitleModel.h */ = {isa = PBXFileReference; fileEncoding = 4; lastKnownFileType = sourcecode.c.h; path = CGXVerticalMenuMoreListTitleModel.h; sourceTree = "<group>"; };
		CB30FAC126252D2A00619C60 /* CGXVerticalMenuMoreListViewCell.h */ = {isa = PBXFileReference; fileEncoding = 4; lastKnownFileType = sourcecode.c.h; path = CGXVerticalMenuMoreListViewCell.h; sourceTree = "<group>"; };
		CB30FAC226252D2A00619C60 /* CGXVerticalMenuMoreListView.m */ = {isa = PBXFileReference; fileEncoding = 4; lastKnownFileType = sourcecode.c.objc; path = CGXVerticalMenuMoreListView.m; sourceTree = "<group>"; };
		CB30FAC326252D2A00619C60 /* CGXVerticalMenuMoreListTitleView.m */ = {isa = PBXFileReference; fileEncoding = 4; lastKnownFileType = sourcecode.c.objc; path = CGXVerticalMenuMoreListTitleView.m; sourceTree = "<group>"; };
		CB30FAC426252D2A00619C60 /* CGXVerticalMenuMoreListSectionModel.h */ = {isa = PBXFileReference; fileEncoding = 4; lastKnownFileType = sourcecode.c.h; path = CGXVerticalMenuMoreListSectionModel.h; sourceTree = "<group>"; };
		CB30FAC526252D2A00619C60 /* CGXVerticalMenuMoreListModel.h */ = {isa = PBXFileReference; fileEncoding = 4; lastKnownFileType = sourcecode.c.h; path = CGXVerticalMenuMoreListModel.h; sourceTree = "<group>"; };
		CB30FAC626252D2A00619C60 /* CGXVerticalMenuMoreListViewItemCell.h */ = {isa = PBXFileReference; fileEncoding = 4; lastKnownFileType = sourcecode.c.h; path = CGXVerticalMenuMoreListViewItemCell.h; sourceTree = "<group>"; };
		CB30FAC726252D2A00619C60 /* CGXVerticalMenuMoreListSectionItemModel.h */ = {isa = PBXFileReference; fileEncoding = 4; lastKnownFileType = sourcecode.c.h; path = CGXVerticalMenuMoreListSectionItemModel.h; sourceTree = "<group>"; };
		CB30FAC826252D2A00619C60 /* CGXVerticalMenuMoreListView.h */ = {isa = PBXFileReference; fileEncoding = 4; lastKnownFileType = sourcecode.c.h; path = CGXVerticalMenuMoreListView.h; sourceTree = "<group>"; };
		CB30FAC926252D2A00619C60 /* CGXVerticalMenuMoreListViewCell.m */ = {isa = PBXFileReference; fileEncoding = 4; lastKnownFileType = sourcecode.c.objc; path = CGXVerticalMenuMoreListViewCell.m; sourceTree = "<group>"; };
		CB30FACA26252D2A00619C60 /* CGXVerticalMenuMoreListTitleModel.m */ = {isa = PBXFileReference; fileEncoding = 4; lastKnownFileType = sourcecode.c.objc; path = CGXVerticalMenuMoreListTitleModel.m; sourceTree = "<group>"; };
		CB30FACB26252D2A00619C60 /* CGXVerticalMenuMoreListTitleView.h */ = {isa = PBXFileReference; fileEncoding = 4; lastKnownFileType = sourcecode.c.h; path = CGXVerticalMenuMoreListTitleView.h; sourceTree = "<group>"; };
		CB30FACC26252D2A00619C60 /* CGXVerticalMenuMoreView.m */ = {isa = PBXFileReference; fileEncoding = 4; lastKnownFileType = sourcecode.c.objc; path = CGXVerticalMenuMoreView.m; sourceTree = "<group>"; };
		CB30FACE26252D2A00619C60 /* CGXVerticalMenuCategoryListModel.m */ = {isa = PBXFileReference; fileEncoding = 4; lastKnownFileType = sourcecode.c.objc; path = CGXVerticalMenuCategoryListModel.m; sourceTree = "<group>"; };
		CB30FACF26252D2A00619C60 /* CGXVerticalMenuCategoryView.m */ = {isa = PBXFileReference; fileEncoding = 4; lastKnownFileType = sourcecode.c.objc; path = CGXVerticalMenuCategoryView.m; sourceTree = "<group>"; };
		CB30FAD026252D2A00619C60 /* CGXVerticalMenuCategoryListModel.h */ = {isa = PBXFileReference; fileEncoding = 4; lastKnownFileType = sourcecode.c.h; path = CGXVerticalMenuCategoryListModel.h; sourceTree = "<group>"; };
		CB30FAD126252D2A00619C60 /* CGXVerticalMenuCategoryView.h */ = {isa = PBXFileReference; fileEncoding = 4; lastKnownFileType = sourcecode.c.h; path = CGXVerticalMenuCategoryView.h; sourceTree = "<group>"; };
		CB30FAD426252D2A00619C60 /* CGXVerticalMenuListContainerViewController.h */ = {isa = PBXFileReference; fileEncoding = 4; lastKnownFileType = sourcecode.c.h; path = CGXVerticalMenuListContainerViewController.h; sourceTree = "<group>"; };
		CB30FAD526252D2A00619C60 /* CGXVerticalMenuListContainerView.h */ = {isa = PBXFileReference; fileEncoding = 4; lastKnownFileType = sourcecode.c.h; path = CGXVerticalMenuListContainerView.h; sourceTree = "<group>"; };
		CB30FAD626252D2A00619C60 /* CGXVerticalMenuListContainerViewDelegate.h */ = {isa = PBXFileReference; fileEncoding = 4; lastKnownFileType = sourcecode.c.h; path = CGXVerticalMenuListContainerViewDelegate.h; sourceTree = "<group>"; };
		CB30FAD726252D2A00619C60 /* CGXVerticalMenuListContainerViewController.m */ = {isa = PBXFileReference; fileEncoding = 4; lastKnownFileType = sourcecode.c.objc; path = CGXVerticalMenuListContainerViewController.m; sourceTree = "<group>"; };
		CB30FAD826252D2A00619C60 /* CGXVerticalMenuListContainerView.m */ = {isa = PBXFileReference; fileEncoding = 4; lastKnownFileType = sourcecode.c.objc; path = CGXVerticalMenuListContainerView.m; sourceTree = "<group>"; };
		CB30FADA26252D2A00619C60 /* CGXVerticalMenuRoundFlowLayoutUtils.h */ = {isa = PBXFileReference; fileEncoding = 4; lastKnownFileType = sourcecode.c.h; path = CGXVerticalMenuRoundFlowLayoutUtils.h; sourceTree = "<group>"; };
		CB30FADB26252D2A00619C60 /* CGXVerticalMenuRoundFlowLayout.m */ = {isa = PBXFileReference; fileEncoding = 4; lastKnownFileType = sourcecode.c.objc; path = CGXVerticalMenuRoundFlowLayout.m; sourceTree = "<group>"; };
		CB30FADC26252D2A00619C60 /* CGXVerticalMenuRoundModel.m */ = {isa = PBXFileReference; fileEncoding = 4; lastKnownFileType = sourcecode.c.objc; path = CGXVerticalMenuRoundModel.m; sourceTree = "<group>"; };
		CB30FADD26252D2A00619C60 /* CGXVerticalMenuRoundLayoutAttributes.h */ = {isa = PBXFileReference; fileEncoding = 4; lastKnownFileType = sourcecode.c.h; path = CGXVerticalMenuRoundLayoutAttributes.h; sourceTree = "<group>"; };
		CB30FADE26252D2A00619C60 /* CGXVerticalMenuRoundReusableView.m */ = {isa = PBXFileReference; fileEncoding = 4; lastKnownFileType = sourcecode.c.objc; path = CGXVerticalMenuRoundReusableView.m; sourceTree = "<group>"; };
		CB30FADF26252D2A00619C60 /* CGXVerticalMenuRoundFlowLayoutUtils.m */ = {isa = PBXFileReference; fileEncoding = 4; lastKnownFileType = sourcecode.c.objc; path = CGXVerticalMenuRoundFlowLayoutUtils.m; sourceTree = "<group>"; };
		CB30FAE026252D2A00619C60 /* CGXVerticalMenuRoundFlowLayout.h */ = {isa = PBXFileReference; fileEncoding = 4; lastKnownFileType = sourcecode.c.h; path = CGXVerticalMenuRoundFlowLayout.h; sourceTree = "<group>"; };
		CB30FAE126252D2A00619C60 /* CGXVerticalMenuRoundReusableView.h */ = {isa = PBXFileReference; fileEncoding = 4; lastKnownFileType = sourcecode.c.h; path = CGXVerticalMenuRoundReusableView.h; sourceTree = "<group>"; };
		CB30FAE226252D2A00619C60 /* CGXVerticalMenuRoundLayoutAttributes.m */ = {isa = PBXFileReference; fileEncoding = 4; lastKnownFileType = sourcecode.c.objc; path = CGXVerticalMenuRoundLayoutAttributes.m; sourceTree = "<group>"; };
		CB30FAE326252D2A00619C60 /* CGXVerticalMenuRoundModel.h */ = {isa = PBXFileReference; fileEncoding = 4; lastKnownFileType = sourcecode.c.h; path = CGXVerticalMenuRoundModel.h; sourceTree = "<group>"; };
		CB30FAE526252D2A00619C60 /* CGXVerticalMenuCustomCollectionView.h */ = {isa = PBXFileReference; fileEncoding = 4; lastKnownFileType = sourcecode.c.h; path = CGXVerticalMenuCustomCollectionView.h; sourceTree = "<group>"; };
		CB30FAE626252D2A00619C60 /* CGXVerticalMenuCustomTableView.h */ = {isa = PBXFileReference; fileEncoding = 4; lastKnownFileType = sourcecode.c.h; path = CGXVerticalMenuCustomTableView.h; sourceTree = "<group>"; };
		CB30FAE726252D2A00619C60 /* CGXVerticalMenuCustomBaseView.m */ = {isa = PBXFileReference; fileEncoding = 4; lastKnownFileType = sourcecode.c.objc; path = CGXVerticalMenuCustomBaseView.m; sourceTree = "<group>"; };
		CB30FAE826252D2A00619C60 /* CGXVerticalMenuCustomTextModel.h */ = {isa = PBXFileReference; fileEncoding = 4; lastKnownFileType = sourcecode.c.h; path = CGXVerticalMenuCustomTextModel.h; sourceTree = "<group>"; };
		CB30FAE926252D2A00619C60 /* CGXVerticalMenuCustomTableView.m */ = {isa = PBXFileReference; fileEncoding = 4; lastKnownFileType = sourcecode.c.objc; path = CGXVerticalMenuCustomTableView.m; sourceTree = "<group>"; };
		CB30FAEA26252D2A00619C60 /* CGXVerticalMenuCustomCollectionView.m */ = {isa = PBXFileReference; fileEncoding = 4; lastKnownFileType = sourcecode.c.objc; path = CGXVerticalMenuCustomCollectionView.m; sourceTree = "<group>"; };
		CB30FAEB26252D2A00619C60 /* CGXVerticalMenuCustomTextModel.m */ = {isa = PBXFileReference; fileEncoding = 4; lastKnownFileType = sourcecode.c.objc; path = CGXVerticalMenuCustomTextModel.m; sourceTree = "<group>"; };
		CB30FAEC26252D2A00619C60 /* CGXVerticalMenuCustomBaseView.h */ = {isa = PBXFileReference; fileEncoding = 4; lastKnownFileType = sourcecode.c.h; path = CGXVerticalMenuCustomBaseView.h; sourceTree = "<group>"; };
		CB30FAEE26252D2A00619C60 /* CGXVerticalMenuContainerView.m */ = {isa = PBXFileReference; fileEncoding = 4; lastKnownFileType = sourcecode.c.objc; path = CGXVerticalMenuContainerView.m; sourceTree = "<group>"; };
		CB30FAEF26252D2A00619C60 /* CGXVerticalMenuContainerCollectionView.h */ = {isa = PBXFileReference; fileEncoding = 4; lastKnownFileType = sourcecode.c.h; path = CGXVerticalMenuContainerCollectionView.h; sourceTree = "<group>"; };
		CB30FAF026252D2A00619C60 /* CGXVerticalMenuContainerView.h */ = {isa = PBXFileReference; fileEncoding = 4; lastKnownFileType = sourcecode.c.h; path = CGXVerticalMenuContainerView.h; sourceTree = "<group>"; };
		CB30FAF126252D2A00619C60 /* CGXVerticalMenuContainerCollectionView.m */ = {isa = PBXFileReference; fileEncoding = 4; lastKnownFileType = sourcecode.c.objc; path = CGXVerticalMenuContainerCollectionView.m; sourceTree = "<group>"; };
		CB30FAF326252D2A00619C60 /* CGXVerticalMenuCollectionItemModel.h */ = {isa = PBXFileReference; fileEncoding = 4; lastKnownFileType = sourcecode.c.h; path = CGXVerticalMenuCollectionItemModel.h; sourceTree = "<group>"; };
		CB30FAF426252D2A00619C60 /* CGXVerticalMenuCollectionSectionModel.h */ = {isa = PBXFileReference; fileEncoding = 4; lastKnownFileType = sourcecode.c.h; path = CGXVerticalMenuCollectionSectionModel.h; sourceTree = "<group>"; };
		CB30FAF526252D2A00619C60 /* CGXVerticalMenuCollectionCell.h */ = {isa = PBXFileReference; fileEncoding = 4; lastKnownFileType = sourcecode.c.h; path = CGXVerticalMenuCollectionCell.h; sourceTree = "<group>"; };
		CB30FAF626252D2A00619C60 /* CGXVerticalMenuCollectionView.h */ = {isa = PBXFileReference; fileEncoding = 4; lastKnownFileType = sourcecode.c.h; path = CGXVerticalMenuCollectionView.h; sourceTree = "<group>"; };
		CB30FAF726252D2A00619C60 /* CGXVerticalMenuCollectionSectionTextView.m */ = {isa = PBXFileReference; fileEncoding = 4; lastKnownFileType = sourcecode.c.objc; path = CGXVerticalMenuCollectionSectionTextView.m; sourceTree = "<group>"; };
		CB30FAF826252D2A00619C60 /* CGXVerticalMenuCollectionItemModel.m */ = {isa = PBXFileReference; fileEncoding = 4; lastKnownFileType = sourcecode.c.objc; path = CGXVerticalMenuCollectionItemModel.m; sourceTree = "<group>"; };
		CB30FAF926252D2A00619C60 /* CGXVerticalMenuCollectionCell.m */ = {isa = PBXFileReference; fileEncoding = 4; lastKnownFileType = sourcecode.c.objc; path = CGXVerticalMenuCollectionCell.m; sourceTree = "<group>"; };
		CB30FAFA26252D2A00619C60 /* CGXVerticalMenuCollectionSectionModel.m */ = {isa = PBXFileReference; fileEncoding = 4; lastKnownFileType = sourcecode.c.objc; path = CGXVerticalMenuCollectionSectionModel.m; sourceTree = "<group>"; };
		CB30FAFB26252D2A00619C60 /* CGXVerticalMenuCollectionSectionTextView.h */ = {isa = PBXFileReference; fileEncoding = 4; lastKnownFileType = sourcecode.c.h; path = CGXVerticalMenuCollectionSectionTextView.h; sourceTree = "<group>"; };
		CB30FAFC26252D2A00619C60 /* CGXVerticalMenuCollectionView.m */ = {isa = PBXFileReference; fileEncoding = 4; lastKnownFileType = sourcecode.c.objc; path = CGXVerticalMenuCollectionView.m; sourceTree = "<group>"; };
		CB30FAFF26252D2A00619C60 /* CGXVerticalMenuBaseModel.h */ = {isa = PBXFileReference; fileEncoding = 4; lastKnownFileType = sourcecode.c.h; path = CGXVerticalMenuBaseModel.h; sourceTree = "<group>"; };
		CB30FB0026252D2A00619C60 /* CGXVerticalMenuBaseCell.m */ = {isa = PBXFileReference; fileEncoding = 4; lastKnownFileType = sourcecode.c.objc; path = CGXVerticalMenuBaseCell.m; sourceTree = "<group>"; };
		CB30FB0126252D2A00619C60 /* CGXVerticalMenuBaseView.m */ = {isa = PBXFileReference; fileEncoding = 4; lastKnownFileType = sourcecode.c.objc; path = CGXVerticalMenuBaseView.m; sourceTree = "<group>"; };
		CB30FB0226252D2A00619C60 /* CGXVerticalMenuBaseModel.m */ = {isa = PBXFileReference; fileEncoding = 4; lastKnownFileType = sourcecode.c.objc; path = CGXVerticalMenuBaseModel.m; sourceTree = "<group>"; };
		CB30FB0326252D2A00619C60 /* CGXVerticalMenuBaseCell.h */ = {isa = PBXFileReference; fileEncoding = 4; lastKnownFileType = sourcecode.c.h; path = CGXVerticalMenuBaseCell.h; sourceTree = "<group>"; };
		CB30FB0426252D2A00619C60 /* CGXVerticalMenuBaseView.h */ = {isa = PBXFileReference; fileEncoding = 4; lastKnownFileType = sourcecode.c.h; path = CGXVerticalMenuBaseView.h; sourceTree = "<group>"; };
		CB30FB0626252D2A00619C60 /* CGXVerticalMenuIndicatorParamsModel.m */ = {isa = PBXFileReference; fileEncoding = 4; lastKnownFileType = sourcecode.c.objc; path = CGXVerticalMenuIndicatorParamsModel.m; sourceTree = "<group>"; };
		CB30FB0726252D2A00619C60 /* CGXVerticalMenuViewDefines.h */ = {isa = PBXFileReference; fileEncoding = 4; lastKnownFileType = sourcecode.c.h; path = CGXVerticalMenuViewDefines.h; sourceTree = "<group>"; };
		CB30FB0826252D2A00619C60 /* CGXVerticalMenuIndicatoCollectionView.m */ = {isa = PBXFileReference; fileEncoding = 4; lastKnownFileType = sourcecode.c.objc; path = CGXVerticalMenuIndicatoCollectionView.m; sourceTree = "<group>"; };
		CB30FB0926252D2A00619C60 /* CGXVerticalMenuIndicatoCollectionView.h */ = {isa = PBXFileReference; fileEncoding = 4; lastKnownFileType = sourcecode.c.h; path = CGXVerticalMenuIndicatoCollectionView.h; sourceTree = "<group>"; };
		CB30FB0A26252D2A00619C60 /* CGXVerticalMenuIndicatorParamsModel.h */ = {isa = PBXFileReference; fileEncoding = 4; lastKnownFileType = sourcecode.c.h; path = CGXVerticalMenuIndicatorParamsModel.h; sourceTree = "<group>"; };
		CB30FB0B26252D2A00619C60 /* CGXVerticalMenuIndicatorProtocol.h */ = {isa = PBXFileReference; fileEncoding = 4; lastKnownFileType = sourcecode.c.h; path = CGXVerticalMenuIndicatorProtocol.h; sourceTree = "<group>"; };
		CB30FB0D26252D2A00619C60 /* CGXVerticalMenuTitleCell.h */ = {isa = PBXFileReference; fileEncoding = 4; lastKnownFileType = sourcecode.c.h; path = CGXVerticalMenuTitleCell.h; sourceTree = "<group>"; };
		CB30FB0E26252D2A00619C60 /* CGXVerticalMenuTitleModel.m */ = {isa = PBXFileReference; fileEncoding = 4; lastKnownFileType = sourcecode.c.objc; path = CGXVerticalMenuTitleModel.m; sourceTree = "<group>"; };
		CB30FB0F26252D2A00619C60 /* CGXVerticalMenuTitleView.h */ = {isa = PBXFileReference; fileEncoding = 4; lastKnownFileType = sourcecode.c.h; path = CGXVerticalMenuTitleView.h; sourceTree = "<group>"; };
		CB30FB1026252D2A00619C60 /* CGXVerticalMenuTitleCell.m */ = {isa = PBXFileReference; fileEncoding = 4; lastKnownFileType = sourcecode.c.objc; path = CGXVerticalMenuTitleCell.m; sourceTree = "<group>"; };
		CB30FB1126252D2A00619C60 /* CGXVerticalMenuTitleView.m */ = {isa = PBXFileReference; fileEncoding = 4; lastKnownFileType = sourcecode.c.objc; path = CGXVerticalMenuTitleView.m; sourceTree = "<group>"; };
		CB30FB1226252D2A00619C60 /* CGXVerticalMenuTitleModel.h */ = {isa = PBXFileReference; fileEncoding = 4; lastKnownFileType = sourcecode.c.h; path = CGXVerticalMenuTitleModel.h; sourceTree = "<group>"; };
		CB30FB1426252D2A00619C60 /* CGXVerticalMenuIndicatorComponentView.m */ = {isa = PBXFileReference; fileEncoding = 4; lastKnownFileType = sourcecode.c.objc; path = CGXVerticalMenuIndicatorComponentView.m; sourceTree = "<group>"; };
		CB30FB1526252D2A00619C60 /* CGXVerticalMenuIndicatorBackgroundView.h */ = {isa = PBXFileReference; fileEncoding = 4; lastKnownFileType = sourcecode.c.h; path = CGXVerticalMenuIndicatorBackgroundView.h; sourceTree = "<group>"; };
		CB30FB1626252D2A00619C60 /* CGXVerticalMenuIndicatorLineView.h */ = {isa = PBXFileReference; fileEncoding = 4; lastKnownFileType = sourcecode.c.h; path = CGXVerticalMenuIndicatorLineView.h; sourceTree = "<group>"; };
		CB30FB1726252D2A00619C60 /* CGXVerticalMenuIndicatorBackgroundView.m */ = {isa = PBXFileReference; fileEncoding = 4; lastKnownFileType = sourcecode.c.objc; path = CGXVerticalMenuIndicatorBackgroundView.m; sourceTree = "<group>"; };
		CB30FB1826252D2A00619C60 /* CGXVerticalMenuIndicatorComponentView.h */ = {isa = PBXFileReference; fileEncoding = 4; lastKnownFileType = sourcecode.c.h; path = CGXVerticalMenuIndicatorComponentView.h; sourceTree = "<group>"; };
		CB30FB1926252D2A00619C60 /* CGXVerticalMenuIndicatorLineView.m */ = {isa = PBXFileReference; fileEncoding = 4; lastKnownFileType = sourcecode.c.objc; path = CGXVerticalMenuIndicatorLineView.m; sourceTree = "<group>"; };
		CB30FB1A26252D2A00619C60 /* CGXVerticalMenu.h */ = {isa = PBXFileReference; fileEncoding = 4; lastKnownFileType = sourcecode.c.h; path = CGXVerticalMenu.h; sourceTree = "<group>"; };
		CB30FB5226252F9100619C60 /* TitleHeaderView.h */ = {isa = PBXFileReference; fileEncoding = 4; lastKnownFileType = sourcecode.c.h; path = TitleHeaderView.h; sourceTree = "<group>"; };
		CB30FB5326252F9100619C60 /* TitleHeaderView.m */ = {isa = PBXFileReference; fileEncoding = 4; lastKnownFileType = sourcecode.c.objc; path = TitleHeaderView.m; sourceTree = "<group>"; };
		CBBB583A26E1B83300B9BC62 /* language_sentence.plist */ = {isa = PBXFileReference; fileEncoding = 4; lastKnownFileType = text.plist.xml; path = language_sentence.plist; sourceTree = "<group>"; };
/* End PBXFileReference section */

/* Begin PBXFrameworksBuildPhase section */
		CB30F9D8262420A700619C60 /* Frameworks */ = {
			isa = PBXFrameworksBuildPhase;
			buildActionMask = 2147483647;
			files = (
				F5FB29CBA781D2216584B3F4 /* Pods_Shunyi.framework in Frameworks */,
			);
			runOnlyForDeploymentPostprocessing = 0;
		};
		CB30F9F3262420A800619C60 /* Frameworks */ = {
			isa = PBXFrameworksBuildPhase;
			buildActionMask = 2147483647;
			files = (
			);
			runOnlyForDeploymentPostprocessing = 0;
		};
		CB30F9FE262420A800619C60 /* Frameworks */ = {
			isa = PBXFrameworksBuildPhase;
			buildActionMask = 2147483647;
			files = (
			);
			runOnlyForDeploymentPostprocessing = 0;
		};
/* End PBXFrameworksBuildPhase section */

/* Begin PBXGroup section */
		113B7DE6BDDD2D262DB689EC /* Pods */ = {
			isa = PBXGroup;
			children = (
				BB307EF61FE922AD12AE89FC /* Pods-Shunyi.debug.xcconfig */,
				563872D94E7E614F5DD45581 /* Pods-Shunyi.release.xcconfig */,
			);
			path = Pods;
			sourceTree = "<group>";
		};
		3A06FEC3E1B9C63AEC4E8B27 /* Frameworks */ = {
			isa = PBXGroup;
			children = (
				56EF86125C5C89AD8BE5AB34 /* Pods_Shunyi.framework */,
			);
			name = Frameworks;
			sourceTree = "<group>";
		};
		CB30F9D2262420A700619C60 = {
			isa = PBXGroup;
			children = (
				CB30F9DD262420A700619C60 /* Shunyi */,
				CB30F9F9262420A800619C60 /* ShunyiTests */,
				CB30FA04262420A800619C60 /* ShunyiUITests */,
				CB30F9DC262420A700619C60 /* Products */,
				113B7DE6BDDD2D262DB689EC /* Pods */,
				3A06FEC3E1B9C63AEC4E8B27 /* Frameworks */,
			);
			sourceTree = "<group>";
		};
		CB30F9DC262420A700619C60 /* Products */ = {
			isa = PBXGroup;
			children = (
				CB30F9DB262420A700619C60 /* Shunyi.app */,
				CB30F9F6262420A800619C60 /* ShunyiTests.xctest */,
				CB30FA01262420A800619C60 /* ShunyiUITests.xctest */,
			);
			name = Products;
			sourceTree = "<group>";
		};
		CB30F9DD262420A700619C60 /* Shunyi */ = {
			isa = PBXGroup;
			children = (
				CB30FAB826252D2A00619C60 /* CGXVerticalMenuView */,
				CB30FA21262425FE00619C60 /* Tools */,
				CB30F9DE262420A700619C60 /* AppDelegate.h */,
				CB30F9DF262420A700619C60 /* AppDelegate.m */,
				CB30FA4826242DAC00619C60 /* Base */,
				CB30FA1D2624244400619C60 /* Login */,
				CB30FA1C2624243C00619C60 /* Home */,
				CB30F9EA262420A700619C60 /* Assets.xcassets */,
				CB30F9EC262420A700619C60 /* LaunchScreen.storyboard */,
				CBBB583A26E1B83300B9BC62 /* language_sentence.plist */,
				CB30F9EF262420A700619C60 /* Info.plist */,
				CB30F9F0262420A700619C60 /* main.m */,
			);
			path = Shunyi;
			sourceTree = "<group>";
		};
		CB30F9F9262420A800619C60 /* ShunyiTests */ = {
			isa = PBXGroup;
			children = (
				CB30F9FA262420A800619C60 /* ShunyiTests.m */,
				CB30F9FC262420A800619C60 /* Info.plist */,
			);
			path = ShunyiTests;
			sourceTree = "<group>";
		};
		CB30FA04262420A800619C60 /* ShunyiUITests */ = {
			isa = PBXGroup;
			children = (
				CB30FA05262420A800619C60 /* ShunyiUITests.m */,
				CB30FA07262420A800619C60 /* Info.plist */,
			);
			path = ShunyiUITests;
			sourceTree = "<group>";
		};
		CB30FA1C2624243C00619C60 /* Home */ = {
			isa = PBXGroup;
			children = (
				CB30FA612624344500619C60 /* HomePage.storyboard */,
				CB30FA802624362300619C60 /* 我的 */,
				CB30FA7F2624361D00619C60 /* 分类 */,
				CB30FA7E2624361500619C60 /* 首页 */,
			);
			path = Home;
			sourceTree = "<group>";
		};
		CB30FA1D2624244400619C60 /* Login */ = {
			isa = PBXGroup;
			children = (
				CB30FA3D262427DF00619C60 /* LoginViewController.h */,
				CB30FA3E262427DF00619C60 /* LoginViewController.m */,
				CB30FA43262427EB00619C60 /* Login.storyboard */,
			);
			path = Login;
			sourceTree = "<group>";
		};
		CB30FA21262425FE00619C60 /* Tools */ = {
			isa = PBXGroup;
			children = (
				CB30FA222624264D00619C60 /* MacroDefinition.h */,
				CB30FA23262426B200619C60 /* PrefixHeader_pch */,
			);
			path = Tools;
			sourceTree = "<group>";
		};
		CB30FA4826242DAC00619C60 /* Base */ = {
			isa = PBXGroup;
			children = (
				CB30FA4926242DBD00619C60 /* BaseViewController.h */,
				CB30FA4A26242DBD00619C60 /* BaseViewController.m */,
				CB30FA672624346500619C60 /* XSMainTabBarController.h */,
				CB30FA662624346500619C60 /* XSMainTabBarController.m */,
				CB30FA682624346500619C60 /* XSTabBar.h */,
				CB30FA692624346500619C60 /* XSTabBar.m */,
				CB30FA75262434DB00619C60 /* XSNavigationViewController.h */,
				CB30FA76262434DB00619C60 /* XSNavigationViewController.m */,
			);
			path = Base;
			sourceTree = "<group>";
		};
		CB30FA7E2624361500619C60 /* 首页 */ = {
			isa = PBXGroup;
			children = (
				CB30FA97262436FC00619C60 /* Home.storyboard */,
				CB30FA9C2624370500619C60 /* HomeViewController.h */,
				CB30FA9D2624370500619C60 /* HomeViewController.m */,
			);
			path = "首页";
			sourceTree = "<group>";
		};
		CB30FA7F2624361D00619C60 /* 分类 */ = {
			isa = PBXGroup;
			children = (
				CB30FA8C262436B500619C60 /* Category.storyboard */,
				CB30FA91262436C300619C60 /* CategoryViewController.h */,
				CB30FA92262436C300619C60 /* CategoryViewController.m */,
				CB30FB5226252F9100619C60 /* TitleHeaderView.h */,
				CB30FB5326252F9100619C60 /* TitleHeaderView.m */,
			);
			path = "分类";
			sourceTree = "<group>";
		};
		CB30FA802624362300619C60 /* 我的 */ = {
			isa = PBXGroup;
			children = (
				CB30FA812624363800619C60 /* UserInfo.storyboard */,
				CB30FA862624365200619C60 /* UserInfoViewController.h */,
				CB30FA872624365200619C60 /* UserInfoViewController.m */,
			);
			path = "我的";
			sourceTree = "<group>";
		};
		CB30FAB826252D2A00619C60 /* CGXVerticalMenuView */ = {
			isa = PBXGroup;
			children = (
				CB30FAB926252D2A00619C60 /* MenuMoreView */,
				CB30FACD26252D2A00619C60 /* MenuCategoryView */,
				CB30FAD226252D2A00619C60 /* MenuCustom */,
				CB30FAF226252D2A00619C60 /* CustomCollectionView */,
				CB30FAFD26252D2A00619C60 /* MenuTitleView */,
				CB30FB1A26252D2A00619C60 /* CGXVerticalMenu.h */,
			);
			path = CGXVerticalMenuView;
			sourceTree = "<group>";
		};
		CB30FAB926252D2A00619C60 /* MenuMoreView */ = {
			isa = PBXGroup;
			children = (
				CB30FABA26252D2A00619C60 /* CGXVerticalMenuMoreView.h */,
				CB30FABB26252D2A00619C60 /* ListView */,
				CB30FACC26252D2A00619C60 /* CGXVerticalMenuMoreView.m */,
			);
			path = MenuMoreView;
			sourceTree = "<group>";
		};
		CB30FABB26252D2A00619C60 /* ListView */ = {
			isa = PBXGroup;
			children = (
				CB30FABC26252D2A00619C60 /* CGXVerticalMenuMoreListModel.m */,
				CB30FABD26252D2A00619C60 /* CGXVerticalMenuMoreListSectionModel.m */,
				CB30FABE26252D2A00619C60 /* CGXVerticalMenuMoreListSectionItemModel.m */,
				CB30FABF26252D2A00619C60 /* CGXVerticalMenuMoreListViewItemCell.m */,
				CB30FAC026252D2A00619C60 /* CGXVerticalMenuMoreListTitleModel.h */,
				CB30FAC126252D2A00619C60 /* CGXVerticalMenuMoreListViewCell.h */,
				CB30FAC226252D2A00619C60 /* CGXVerticalMenuMoreListView.m */,
				CB30FAC326252D2A00619C60 /* CGXVerticalMenuMoreListTitleView.m */,
				CB30FAC426252D2A00619C60 /* CGXVerticalMenuMoreListSectionModel.h */,
				CB30FAC526252D2A00619C60 /* CGXVerticalMenuMoreListModel.h */,
				CB30FAC626252D2A00619C60 /* CGXVerticalMenuMoreListViewItemCell.h */,
				CB30FAC726252D2A00619C60 /* CGXVerticalMenuMoreListSectionItemModel.h */,
				CB30FAC826252D2A00619C60 /* CGXVerticalMenuMoreListView.h */,
				CB30FAC926252D2A00619C60 /* CGXVerticalMenuMoreListViewCell.m */,
				CB30FACA26252D2A00619C60 /* CGXVerticalMenuMoreListTitleModel.m */,
				CB30FACB26252D2A00619C60 /* CGXVerticalMenuMoreListTitleView.h */,
			);
			path = ListView;
			sourceTree = "<group>";
		};
		CB30FACD26252D2A00619C60 /* MenuCategoryView */ = {
			isa = PBXGroup;
			children = (
				CB30FACE26252D2A00619C60 /* CGXVerticalMenuCategoryListModel.m */,
				CB30FACF26252D2A00619C60 /* CGXVerticalMenuCategoryView.m */,
				CB30FAD026252D2A00619C60 /* CGXVerticalMenuCategoryListModel.h */,
				CB30FAD126252D2A00619C60 /* CGXVerticalMenuCategoryView.h */,
			);
			path = MenuCategoryView;
			sourceTree = "<group>";
		};
		CB30FAD226252D2A00619C60 /* MenuCustom */ = {
			isa = PBXGroup;
			children = (
				CB30FAD326252D2A00619C60 /* ListContainerView */,
				CB30FAD926252D2A00619C60 /* RoundLayout */,
				CB30FAE426252D2A00619C60 /* Custom */,
				CB30FAED26252D2A00619C60 /* ContainerView */,
			);
			path = MenuCustom;
			sourceTree = "<group>";
		};
		CB30FAD326252D2A00619C60 /* ListContainerView */ = {
			isa = PBXGroup;
			children = (
				CB30FAD426252D2A00619C60 /* CGXVerticalMenuListContainerViewController.h */,
				CB30FAD526252D2A00619C60 /* CGXVerticalMenuListContainerView.h */,
				CB30FAD626252D2A00619C60 /* CGXVerticalMenuListContainerViewDelegate.h */,
				CB30FAD726252D2A00619C60 /* CGXVerticalMenuListContainerViewController.m */,
				CB30FAD826252D2A00619C60 /* CGXVerticalMenuListContainerView.m */,
			);
			path = ListContainerView;
			sourceTree = "<group>";
		};
		CB30FAD926252D2A00619C60 /* RoundLayout */ = {
			isa = PBXGroup;
			children = (
				CB30FADA26252D2A00619C60 /* CGXVerticalMenuRoundFlowLayoutUtils.h */,
				CB30FADB26252D2A00619C60 /* CGXVerticalMenuRoundFlowLayout.m */,
				CB30FADC26252D2A00619C60 /* CGXVerticalMenuRoundModel.m */,
				CB30FADD26252D2A00619C60 /* CGXVerticalMenuRoundLayoutAttributes.h */,
				CB30FADE26252D2A00619C60 /* CGXVerticalMenuRoundReusableView.m */,
				CB30FADF26252D2A00619C60 /* CGXVerticalMenuRoundFlowLayoutUtils.m */,
				CB30FAE026252D2A00619C60 /* CGXVerticalMenuRoundFlowLayout.h */,
				CB30FAE126252D2A00619C60 /* CGXVerticalMenuRoundReusableView.h */,
				CB30FAE226252D2A00619C60 /* CGXVerticalMenuRoundLayoutAttributes.m */,
				CB30FAE326252D2A00619C60 /* CGXVerticalMenuRoundModel.h */,
			);
			path = RoundLayout;
			sourceTree = "<group>";
		};
		CB30FAE426252D2A00619C60 /* Custom */ = {
			isa = PBXGroup;
			children = (
				CB30FAE526252D2A00619C60 /* CGXVerticalMenuCustomCollectionView.h */,
				CB30FAE626252D2A00619C60 /* CGXVerticalMenuCustomTableView.h */,
				CB30FAE726252D2A00619C60 /* CGXVerticalMenuCustomBaseView.m */,
				CB30FAE826252D2A00619C60 /* CGXVerticalMenuCustomTextModel.h */,
				CB30FAE926252D2A00619C60 /* CGXVerticalMenuCustomTableView.m */,
				CB30FAEA26252D2A00619C60 /* CGXVerticalMenuCustomCollectionView.m */,
				CB30FAEB26252D2A00619C60 /* CGXVerticalMenuCustomTextModel.m */,
				CB30FAEC26252D2A00619C60 /* CGXVerticalMenuCustomBaseView.h */,
			);
			path = Custom;
			sourceTree = "<group>";
		};
		CB30FAED26252D2A00619C60 /* ContainerView */ = {
			isa = PBXGroup;
			children = (
				CB30FAEE26252D2A00619C60 /* CGXVerticalMenuContainerView.m */,
				CB30FAEF26252D2A00619C60 /* CGXVerticalMenuContainerCollectionView.h */,
				CB30FAF026252D2A00619C60 /* CGXVerticalMenuContainerView.h */,
				CB30FAF126252D2A00619C60 /* CGXVerticalMenuContainerCollectionView.m */,
			);
			path = ContainerView;
			sourceTree = "<group>";
		};
		CB30FAF226252D2A00619C60 /* CustomCollectionView */ = {
			isa = PBXGroup;
			children = (
				CB30FAF326252D2A00619C60 /* CGXVerticalMenuCollectionItemModel.h */,
				CB30FAF426252D2A00619C60 /* CGXVerticalMenuCollectionSectionModel.h */,
				CB30FAF526252D2A00619C60 /* CGXVerticalMenuCollectionCell.h */,
				CB30FAF626252D2A00619C60 /* CGXVerticalMenuCollectionView.h */,
				CB30FAF726252D2A00619C60 /* CGXVerticalMenuCollectionSectionTextView.m */,
				CB30FAF826252D2A00619C60 /* CGXVerticalMenuCollectionItemModel.m */,
				CB30FAF926252D2A00619C60 /* CGXVerticalMenuCollectionCell.m */,
				CB30FAFA26252D2A00619C60 /* CGXVerticalMenuCollectionSectionModel.m */,
				CB30FAFB26252D2A00619C60 /* CGXVerticalMenuCollectionSectionTextView.h */,
				CB30FAFC26252D2A00619C60 /* CGXVerticalMenuCollectionView.m */,
			);
			path = CustomCollectionView;
			sourceTree = "<group>";
		};
		CB30FAFD26252D2A00619C60 /* MenuTitleView */ = {
			isa = PBXGroup;
			children = (
				CB30FAFE26252D2A00619C60 /* BaseView */,
				CB30FB0526252D2A00619C60 /* Comond */,
				CB30FB0C26252D2A00619C60 /* TitleView */,
				CB30FB1326252D2A00619C60 /* IndicatorView */,
			);
			path = MenuTitleView;
			sourceTree = "<group>";
		};
		CB30FAFE26252D2A00619C60 /* BaseView */ = {
			isa = PBXGroup;
			children = (
				CB30FAFF26252D2A00619C60 /* CGXVerticalMenuBaseModel.h */,
				CB30FB0026252D2A00619C60 /* CGXVerticalMenuBaseCell.m */,
				CB30FB0126252D2A00619C60 /* CGXVerticalMenuBaseView.m */,
				CB30FB0226252D2A00619C60 /* CGXVerticalMenuBaseModel.m */,
				CB30FB0326252D2A00619C60 /* CGXVerticalMenuBaseCell.h */,
				CB30FB0426252D2A00619C60 /* CGXVerticalMenuBaseView.h */,
			);
			path = BaseView;
			sourceTree = "<group>";
		};
		CB30FB0526252D2A00619C60 /* Comond */ = {
			isa = PBXGroup;
			children = (
				CB30FB0626252D2A00619C60 /* CGXVerticalMenuIndicatorParamsModel.m */,
				CB30FB0726252D2A00619C60 /* CGXVerticalMenuViewDefines.h */,
				CB30FB0826252D2A00619C60 /* CGXVerticalMenuIndicatoCollectionView.m */,
				CB30FB0926252D2A00619C60 /* CGXVerticalMenuIndicatoCollectionView.h */,
				CB30FB0A26252D2A00619C60 /* CGXVerticalMenuIndicatorParamsModel.h */,
				CB30FB0B26252D2A00619C60 /* CGXVerticalMenuIndicatorProtocol.h */,
			);
			path = Comond;
			sourceTree = "<group>";
		};
		CB30FB0C26252D2A00619C60 /* TitleView */ = {
			isa = PBXGroup;
			children = (
				CB30FB0D26252D2A00619C60 /* CGXVerticalMenuTitleCell.h */,
				CB30FB0E26252D2A00619C60 /* CGXVerticalMenuTitleModel.m */,
				CB30FB0F26252D2A00619C60 /* CGXVerticalMenuTitleView.h */,
				CB30FB1026252D2A00619C60 /* CGXVerticalMenuTitleCell.m */,
				CB30FB1126252D2A00619C60 /* CGXVerticalMenuTitleView.m */,
				CB30FB1226252D2A00619C60 /* CGXVerticalMenuTitleModel.h */,
			);
			path = TitleView;
			sourceTree = "<group>";
		};
		CB30FB1326252D2A00619C60 /* IndicatorView */ = {
			isa = PBXGroup;
			children = (
				CB30FB1426252D2A00619C60 /* CGXVerticalMenuIndicatorComponentView.m */,
				CB30FB1526252D2A00619C60 /* CGXVerticalMenuIndicatorBackgroundView.h */,
				CB30FB1626252D2A00619C60 /* CGXVerticalMenuIndicatorLineView.h */,
				CB30FB1726252D2A00619C60 /* CGXVerticalMenuIndicatorBackgroundView.m */,
				CB30FB1826252D2A00619C60 /* CGXVerticalMenuIndicatorComponentView.h */,
				CB30FB1926252D2A00619C60 /* CGXVerticalMenuIndicatorLineView.m */,
			);
			path = IndicatorView;
			sourceTree = "<group>";
		};
/* End PBXGroup section */

/* Begin PBXNativeTarget section */
		CB30F9DA262420A700619C60 /* Shunyi */ = {
			isa = PBXNativeTarget;
			buildConfigurationList = CB30FA0A262420A800619C60 /* Build configuration list for PBXNativeTarget "Shunyi" */;
			buildPhases = (
				F349BA74934AD04BD272350A /* [CP] Check Pods Manifest.lock */,
				CB30F9D7262420A700619C60 /* Sources */,
				CB30F9D8262420A700619C60 /* Frameworks */,
				CB30F9D9262420A700619C60 /* Resources */,
				8F3DAC07A032BF4CD5BB88D2 /* [CP] Embed Pods Frameworks */,
			);
			buildRules = (
			);
			dependencies = (
			);
			name = Shunyi;
			productName = Shunyi;
			productReference = CB30F9DB262420A700619C60 /* Shunyi.app */;
			productType = "com.apple.product-type.application";
		};
		CB30F9F5262420A800619C60 /* ShunyiTests */ = {
			isa = PBXNativeTarget;
			buildConfigurationList = CB30FA0D262420A800619C60 /* Build configuration list for PBXNativeTarget "ShunyiTests" */;
			buildPhases = (
				CB30F9F2262420A800619C60 /* Sources */,
				CB30F9F3262420A800619C60 /* Frameworks */,
				CB30F9F4262420A800619C60 /* Resources */,
			);
			buildRules = (
			);
			dependencies = (
				CB30F9F8262420A800619C60 /* PBXTargetDependency */,
			);
			name = ShunyiTests;
			productName = ShunyiTests;
			productReference = CB30F9F6262420A800619C60 /* ShunyiTests.xctest */;
			productType = "com.apple.product-type.bundle.unit-test";
		};
		CB30FA00262420A800619C60 /* ShunyiUITests */ = {
			isa = PBXNativeTarget;
			buildConfigurationList = CB30FA10262420A800619C60 /* Build configuration list for PBXNativeTarget "ShunyiUITests" */;
			buildPhases = (
				CB30F9FD262420A800619C60 /* Sources */,
				CB30F9FE262420A800619C60 /* Frameworks */,
				CB30F9FF262420A800619C60 /* Resources */,
			);
			buildRules = (
			);
			dependencies = (
				CB30FA03262420A800619C60 /* PBXTargetDependency */,
			);
			name = ShunyiUITests;
			productName = ShunyiUITests;
			productReference = CB30FA01262420A800619C60 /* ShunyiUITests.xctest */;
			productType = "com.apple.product-type.bundle.ui-testing";
		};
/* End PBXNativeTarget section */

/* Begin PBXProject section */
		CB30F9D3262420A700619C60 /* Project object */ = {
			isa = PBXProject;
			attributes = {
				LastUpgradeCheck = 1220;
				TargetAttributes = {
					CB30F9DA262420A700619C60 = {
						CreatedOnToolsVersion = 12.2;
					};
					CB30F9F5262420A800619C60 = {
						CreatedOnToolsVersion = 12.2;
						TestTargetID = CB30F9DA262420A700619C60;
					};
					CB30FA00262420A800619C60 = {
						CreatedOnToolsVersion = 12.2;
						TestTargetID = CB30F9DA262420A700619C60;
					};
				};
			};
			buildConfigurationList = CB30F9D6262420A700619C60 /* Build configuration list for PBXProject "Shunyi" */;
			compatibilityVersion = "Xcode 9.3";
			developmentRegion = en;
			hasScannedForEncodings = 0;
			knownRegions = (
				en,
				Base,
			);
			mainGroup = CB30F9D2262420A700619C60;
			productRefGroup = CB30F9DC262420A700619C60 /* Products */;
			projectDirPath = "";
			projectRoot = "";
			targets = (
				CB30F9DA262420A700619C60 /* Shunyi */,
				CB30F9F5262420A800619C60 /* ShunyiTests */,
				CB30FA00262420A800619C60 /* ShunyiUITests */,
			);
		};
/* End PBXProject section */

/* Begin PBXResourcesBuildPhase section */
		CB30F9D9262420A700619C60 /* Resources */ = {
			isa = PBXResourcesBuildPhase;
			buildActionMask = 2147483647;
			files = (
				CB30FA622624344500619C60 /* HomePage.storyboard in Resources */,
				CBBB583B26E1B83300B9BC62 /* language_sentence.plist in Resources */,
				CB30FA44262427EB00619C60 /* Login.storyboard in Resources */,
				CB30F9EE262420A700619C60 /* LaunchScreen.storyboard in Resources */,
				CB30FA8D262436B500619C60 /* Category.storyboard in Resources */,
				CB30FA24262426B200619C60 /* PrefixHeader_pch in Resources */,
				CB30F9EB262420A700619C60 /* Assets.xcassets in Resources */,
				CB30FA822624363800619C60 /* UserInfo.storyboard in Resources */,
				CB30FA98262436FC00619C60 /* Home.storyboard in Resources */,
			);
			runOnlyForDeploymentPostprocessing = 0;
		};
		CB30F9F4262420A800619C60 /* Resources */ = {
			isa = PBXResourcesBuildPhase;
			buildActionMask = 2147483647;
			files = (
			);
			runOnlyForDeploymentPostprocessing = 0;
		};
		CB30F9FF262420A800619C60 /* Resources */ = {
			isa = PBXResourcesBuildPhase;
			buildActionMask = 2147483647;
			files = (
			);
			runOnlyForDeploymentPostprocessing = 0;
		};
/* End PBXResourcesBuildPhase section */

/* Begin PBXShellScriptBuildPhase section */
		8F3DAC07A032BF4CD5BB88D2 /* [CP] Embed Pods Frameworks */ = {
			isa = PBXShellScriptBuildPhase;
			buildActionMask = 2147483647;
			files = (
			);
			inputFileListPaths = (
				"${PODS_ROOT}/Target Support Files/Pods-Shunyi/Pods-Shunyi-frameworks-${CONFIGURATION}-input-files.xcfilelist",
			);
			name = "[CP] Embed Pods Frameworks";
			outputFileListPaths = (
				"${PODS_ROOT}/Target Support Files/Pods-Shunyi/Pods-Shunyi-frameworks-${CONFIGURATION}-output-files.xcfilelist",
			);
			runOnlyForDeploymentPostprocessing = 0;
			shellPath = /bin/sh;
			shellScript = "\"${PODS_ROOT}/Target Support Files/Pods-Shunyi/Pods-Shunyi-frameworks.sh\"\n";
			showEnvVarsInLog = 0;
		};
		F349BA74934AD04BD272350A /* [CP] Check Pods Manifest.lock */ = {
			isa = PBXShellScriptBuildPhase;
			buildActionMask = 2147483647;
			files = (
			);
			inputFileListPaths = (
			);
			inputPaths = (
				"${PODS_PODFILE_DIR_PATH}/Podfile.lock",
				"${PODS_ROOT}/Manifest.lock",
			);
			name = "[CP] Check Pods Manifest.lock";
			outputFileListPaths = (
			);
			outputPaths = (
				"$(DERIVED_FILE_DIR)/Pods-Shunyi-checkManifestLockResult.txt",
			);
			runOnlyForDeploymentPostprocessing = 0;
			shellPath = /bin/sh;
			shellScript = "diff \"${PODS_PODFILE_DIR_PATH}/Podfile.lock\" \"${PODS_ROOT}/Manifest.lock\" > /dev/null\nif [ $? != 0 ] ; then\n    # print error to STDERR\n    echo \"error: The sandbox is not in sync with the Podfile.lock. Run 'pod install' or update your CocoaPods installation.\" >&2\n    exit 1\nfi\n# This output is used by Xcode 'outputs' to avoid re-running this script phase.\necho \"SUCCESS\" > \"${SCRIPT_OUTPUT_FILE_0}\"\n";
			showEnvVarsInLog = 0;
		};
/* End PBXShellScriptBuildPhase section */

/* Begin PBXSourcesBuildPhase section */
		CB30F9D7262420A700619C60 /* Sources */ = {
			isa = PBXSourcesBuildPhase;
			buildActionMask = 2147483647;
			files = (
				CB30FB3A26252D2A00619C60 /* CGXVerticalMenuBaseModel.m in Sources */,
				CB30FB3D26252D2A00619C60 /* CGXVerticalMenuTitleModel.m in Sources */,
				CB30FB2326252D2A00619C60 /* CGXVerticalMenuMoreView.m in Sources */,
				CB30FB2126252D2A00619C60 /* CGXVerticalMenuMoreListViewCell.m in Sources */,
				CB30F9E0262420A700619C60 /* AppDelegate.m in Sources */,
				CB30FB2726252D2A00619C60 /* CGXVerticalMenuListContainerView.m in Sources */,
				CB30FB3E26252D2A00619C60 /* CGXVerticalMenuTitleCell.m in Sources */,
				CB30FB2926252D2A00619C60 /* CGXVerticalMenuRoundModel.m in Sources */,
				CB30FB3626252D2A00619C60 /* CGXVerticalMenuCollectionSectionModel.m in Sources */,
				CB30FB2F26252D2A00619C60 /* CGXVerticalMenuCustomCollectionView.m in Sources */,
				CB30FA77262434DB00619C60 /* XSNavigationViewController.m in Sources */,
				CB30FB3826252D2A00619C60 /* CGXVerticalMenuBaseCell.m in Sources */,
				CB30FB2E26252D2A00619C60 /* CGXVerticalMenuCustomTableView.m in Sources */,
				CB30FB2626252D2A00619C60 /* CGXVerticalMenuListContainerViewController.m in Sources */,
				CB30FB4026252D2A00619C60 /* CGXVerticalMenuIndicatorComponentView.m in Sources */,
				CB30FB2026252D2A00619C60 /* CGXVerticalMenuMoreListTitleView.m in Sources */,
				CB30FB2A26252D2A00619C60 /* CGXVerticalMenuRoundReusableView.m in Sources */,
				CB30FB3726252D2A00619C60 /* CGXVerticalMenuCollectionView.m in Sources */,
				CB30FB1C26252D2A00619C60 /* CGXVerticalMenuMoreListSectionModel.m in Sources */,
				CB30FB2226252D2A00619C60 /* CGXVerticalMenuMoreListTitleModel.m in Sources */,
				CB30FB1F26252D2A00619C60 /* CGXVerticalMenuMoreListView.m in Sources */,
				CB30FA6A2624346500619C60 /* XSMainTabBarController.m in Sources */,
				CB30FB2B26252D2A00619C60 /* CGXVerticalMenuRoundFlowLayoutUtils.m in Sources */,
				CB30FB1B26252D2A00619C60 /* CGXVerticalMenuMoreListModel.m in Sources */,
				CB30FA9E2624370500619C60 /* HomeViewController.m in Sources */,
				CB30FB1E26252D2A00619C60 /* CGXVerticalMenuMoreListViewItemCell.m in Sources */,
				CB30FB4226252D2A00619C60 /* CGXVerticalMenuIndicatorLineView.m in Sources */,
				CB30FB4126252D2A00619C60 /* CGXVerticalMenuIndicatorBackgroundView.m in Sources */,
				CB30FB1D26252D2A00619C60 /* CGXVerticalMenuMoreListSectionItemModel.m in Sources */,
				CB30FB3426252D2A00619C60 /* CGXVerticalMenuCollectionItemModel.m in Sources */,
				CB30FA4B26242DBD00619C60 /* BaseViewController.m in Sources */,
				CB30FA93262436C300619C60 /* CategoryViewController.m in Sources */,
				CB30F9F1262420A700619C60 /* main.m in Sources */,
				CB30FB2D26252D2A00619C60 /* CGXVerticalMenuCustomBaseView.m in Sources */,
				CB30FB3F26252D2A00619C60 /* CGXVerticalMenuTitleView.m in Sources */,
				CB30FB3226252D2A00619C60 /* CGXVerticalMenuContainerCollectionView.m in Sources */,
				CB30FA882624365200619C60 /* UserInfoViewController.m in Sources */,
				CB30FB2426252D2A00619C60 /* CGXVerticalMenuCategoryListModel.m in Sources */,
				CB30FB3026252D2A00619C60 /* CGXVerticalMenuCustomTextModel.m in Sources */,
				CB30FB3C26252D2A00619C60 /* CGXVerticalMenuIndicatoCollectionView.m in Sources */,
				CB30FB2826252D2A00619C60 /* CGXVerticalMenuRoundFlowLayout.m in Sources */,
				CB30FB3126252D2A00619C60 /* CGXVerticalMenuContainerView.m in Sources */,
				CB30FA6B2624346500619C60 /* XSTabBar.m in Sources */,
				CB30FA3F262427DF00619C60 /* LoginViewController.m in Sources */,
				CB30FB3926252D2A00619C60 /* CGXVerticalMenuBaseView.m in Sources */,
				CB30FB3526252D2A00619C60 /* CGXVerticalMenuCollectionCell.m in Sources */,
				CB30FB3326252D2A00619C60 /* CGXVerticalMenuCollectionSectionTextView.m in Sources */,
				CB30FB3B26252D2A00619C60 /* CGXVerticalMenuIndicatorParamsModel.m in Sources */,
				CB30FB2526252D2A00619C60 /* CGXVerticalMenuCategoryView.m in Sources */,
				CB30FB5426252F9100619C60 /* TitleHeaderView.m in Sources */,
				CB30FB2C26252D2A00619C60 /* CGXVerticalMenuRoundLayoutAttributes.m in Sources */,
			);
			runOnlyForDeploymentPostprocessing = 0;
		};
		CB30F9F2262420A800619C60 /* Sources */ = {
			isa = PBXSourcesBuildPhase;
			buildActionMask = 2147483647;
			files = (
				CB30F9FB262420A800619C60 /* ShunyiTests.m in Sources */,
			);
			runOnlyForDeploymentPostprocessing = 0;
		};
		CB30F9FD262420A800619C60 /* Sources */ = {
			isa = PBXSourcesBuildPhase;
			buildActionMask = 2147483647;
			files = (
				CB30FA06262420A800619C60 /* ShunyiUITests.m in Sources */,
			);
			runOnlyForDeploymentPostprocessing = 0;
		};
/* End PBXSourcesBuildPhase section */

/* Begin PBXTargetDependency section */
		CB30F9F8262420A800619C60 /* PBXTargetDependency */ = {
			isa = PBXTargetDependency;
			target = CB30F9DA262420A700619C60 /* Shunyi */;
			targetProxy = CB30F9F7262420A800619C60 /* PBXContainerItemProxy */;
		};
		CB30FA03262420A800619C60 /* PBXTargetDependency */ = {
			isa = PBXTargetDependency;
			target = CB30F9DA262420A700619C60 /* Shunyi */;
			targetProxy = CB30FA02262420A800619C60 /* PBXContainerItemProxy */;
		};
/* End PBXTargetDependency section */

/* Begin PBXVariantGroup section */
		CB30F9EC262420A700619C60 /* LaunchScreen.storyboard */ = {
			isa = PBXVariantGroup;
			children = (
				CB30F9ED262420A700619C60 /* Base */,
			);
			name = LaunchScreen.storyboard;
			sourceTree = "<group>";
		};
/* End PBXVariantGroup section */

/* Begin XCBuildConfiguration section */
		CB30FA08262420A800619C60 /* Debug */ = {
			isa = XCBuildConfiguration;
			buildSettings = {
				ALWAYS_SEARCH_USER_PATHS = NO;
				CLANG_ANALYZER_NONNULL = YES;
				CLANG_ANALYZER_NUMBER_OBJECT_CONVERSION = YES_AGGRESSIVE;
				CLANG_CXX_LANGUAGE_STANDARD = "gnu++14";
				CLANG_CXX_LIBRARY = "libc++";
				CLANG_ENABLE_MODULES = YES;
				CLANG_ENABLE_OBJC_ARC = YES;
				CLANG_ENABLE_OBJC_WEAK = YES;
				CLANG_WARN_BLOCK_CAPTURE_AUTORELEASING = YES;
				CLANG_WARN_BOOL_CONVERSION = YES;
				CLANG_WARN_COMMA = YES;
				CLANG_WARN_CONSTANT_CONVERSION = YES;
				CLANG_WARN_DEPRECATED_OBJC_IMPLEMENTATIONS = YES;
				CLANG_WARN_DIRECT_OBJC_ISA_USAGE = YES_ERROR;
				CLANG_WARN_DOCUMENTATION_COMMENTS = YES;
				CLANG_WARN_EMPTY_BODY = YES;
				CLANG_WARN_ENUM_CONVERSION = YES;
				CLANG_WARN_INFINITE_RECURSION = YES;
				CLANG_WARN_INT_CONVERSION = YES;
				CLANG_WARN_NON_LITERAL_NULL_CONVERSION = YES;
				CLANG_WARN_OBJC_IMPLICIT_RETAIN_SELF = YES;
				CLANG_WARN_OBJC_LITERAL_CONVERSION = YES;
				CLANG_WARN_OBJC_ROOT_CLASS = YES_ERROR;
				CLANG_WARN_QUOTED_INCLUDE_IN_FRAMEWORK_HEADER = YES;
				CLANG_WARN_RANGE_LOOP_ANALYSIS = YES;
				CLANG_WARN_STRICT_PROTOTYPES = YES;
				CLANG_WARN_SUSPICIOUS_MOVE = YES;
				CLANG_WARN_UNGUARDED_AVAILABILITY = YES_AGGRESSIVE;
				CLANG_WARN_UNREACHABLE_CODE = YES;
				CLANG_WARN__DUPLICATE_METHOD_MATCH = YES;
				COPY_PHASE_STRIP = NO;
				DEBUG_INFORMATION_FORMAT = dwarf;
				ENABLE_STRICT_OBJC_MSGSEND = YES;
				ENABLE_TESTABILITY = YES;
				GCC_C_LANGUAGE_STANDARD = gnu11;
				GCC_DYNAMIC_NO_PIC = NO;
				GCC_NO_COMMON_BLOCKS = YES;
				GCC_OPTIMIZATION_LEVEL = 0;
				GCC_PREPROCESSOR_DEFINITIONS = (
					"DEBUG=1",
					"$(inherited)",
				);
				GCC_WARN_64_TO_32_BIT_CONVERSION = YES;
				GCC_WARN_ABOUT_RETURN_TYPE = YES_ERROR;
				GCC_WARN_UNDECLARED_SELECTOR = YES;
				GCC_WARN_UNINITIALIZED_AUTOS = YES_AGGRESSIVE;
				GCC_WARN_UNUSED_FUNCTION = YES;
				GCC_WARN_UNUSED_VARIABLE = YES;
				IPHONEOS_DEPLOYMENT_TARGET = 14.2;
				MTL_ENABLE_DEBUG_INFO = INCLUDE_SOURCE;
				MTL_FAST_MATH = YES;
				ONLY_ACTIVE_ARCH = YES;
				SDKROOT = iphoneos;
			};
			name = Debug;
		};
		CB30FA09262420A800619C60 /* Release */ = {
			isa = XCBuildConfiguration;
			buildSettings = {
				ALWAYS_SEARCH_USER_PATHS = NO;
				CLANG_ANALYZER_NONNULL = YES;
				CLANG_ANALYZER_NUMBER_OBJECT_CONVERSION = YES_AGGRESSIVE;
				CLANG_CXX_LANGUAGE_STANDARD = "gnu++14";
				CLANG_CXX_LIBRARY = "libc++";
				CLANG_ENABLE_MODULES = YES;
				CLANG_ENABLE_OBJC_ARC = YES;
				CLANG_ENABLE_OBJC_WEAK = YES;
				CLANG_WARN_BLOCK_CAPTURE_AUTORELEASING = YES;
				CLANG_WARN_BOOL_CONVERSION = YES;
				CLANG_WARN_COMMA = YES;
				CLANG_WARN_CONSTANT_CONVERSION = YES;
				CLANG_WARN_DEPRECATED_OBJC_IMPLEMENTATIONS = YES;
				CLANG_WARN_DIRECT_OBJC_ISA_USAGE = YES_ERROR;
				CLANG_WARN_DOCUMENTATION_COMMENTS = YES;
				CLANG_WARN_EMPTY_BODY = YES;
				CLANG_WARN_ENUM_CONVERSION = YES;
				CLANG_WARN_INFINITE_RECURSION = YES;
				CLANG_WARN_INT_CONVERSION = YES;
				CLANG_WARN_NON_LITERAL_NULL_CONVERSION = YES;
				CLANG_WARN_OBJC_IMPLICIT_RETAIN_SELF = YES;
				CLANG_WARN_OBJC_LITERAL_CONVERSION = YES;
				CLANG_WARN_OBJC_ROOT_CLASS = YES_ERROR;
				CLANG_WARN_QUOTED_INCLUDE_IN_FRAMEWORK_HEADER = YES;
				CLANG_WARN_RANGE_LOOP_ANALYSIS = YES;
				CLANG_WARN_STRICT_PROTOTYPES = YES;
				CLANG_WARN_SUSPICIOUS_MOVE = YES;
				CLANG_WARN_UNGUARDED_AVAILABILITY = YES_AGGRESSIVE;
				CLANG_WARN_UNREACHABLE_CODE = YES;
				CLANG_WARN__DUPLICATE_METHOD_MATCH = YES;
				COPY_PHASE_STRIP = NO;
				DEBUG_INFORMATION_FORMAT = "dwarf-with-dsym";
				ENABLE_NS_ASSERTIONS = NO;
				ENABLE_STRICT_OBJC_MSGSEND = YES;
				GCC_C_LANGUAGE_STANDARD = gnu11;
				GCC_NO_COMMON_BLOCKS = YES;
				GCC_WARN_64_TO_32_BIT_CONVERSION = YES;
				GCC_WARN_ABOUT_RETURN_TYPE = YES_ERROR;
				GCC_WARN_UNDECLARED_SELECTOR = YES;
				GCC_WARN_UNINITIALIZED_AUTOS = YES_AGGRESSIVE;
				GCC_WARN_UNUSED_FUNCTION = YES;
				GCC_WARN_UNUSED_VARIABLE = YES;
				IPHONEOS_DEPLOYMENT_TARGET = 14.2;
				MTL_ENABLE_DEBUG_INFO = NO;
				MTL_FAST_MATH = YES;
				SDKROOT = iphoneos;
				VALIDATE_PRODUCT = YES;
			};
			name = Release;
		};
		CB30FA0B262420A800619C60 /* Debug */ = {
			isa = XCBuildConfiguration;
			baseConfigurationReference = BB307EF61FE922AD12AE89FC /* Pods-Shunyi.debug.xcconfig */;
			buildSettings = {
				ASSETCATALOG_COMPILER_APPICON_NAME = AppIcon;
				ASSETCATALOG_COMPILER_GLOBAL_ACCENT_COLOR_NAME = AccentColor;
				CODE_SIGN_STYLE = Automatic;
				DEVELOPMENT_TEAM = Y6NAY2YNF8;
				GCC_PREFIX_HEADER = "$(SRCROOT)/Shunyi/Tools/PrefixHeader_pch";
				INFOPLIST_FILE = Shunyi/Info.plist;
				IPHONEOS_DEPLOYMENT_TARGET = 10.0;
				LD_RUNPATH_SEARCH_PATHS = (
					"$(inherited)",
					"@executable_path/Frameworks",
				);
				PRODUCT_BUNDLE_IDENTIFIER = www..Shunyi;
				PRODUCT_NAME = "$(TARGET_NAME)";
				TARGETED_DEVICE_FAMILY = "1,2";
			};
			name = Debug;
		};
		CB30FA0C262420A800619C60 /* Release */ = {
			isa = XCBuildConfiguration;
			baseConfigurationReference = 563872D94E7E614F5DD45581 /* Pods-Shunyi.release.xcconfig */;
			buildSettings = {
				ASSETCATALOG_COMPILER_APPICON_NAME = AppIcon;
				ASSETCATALOG_COMPILER_GLOBAL_ACCENT_COLOR_NAME = AccentColor;
				CODE_SIGN_STYLE = Automatic;
				DEVELOPMENT_TEAM = Y6NAY2YNF8;
				GCC_PREFIX_HEADER = "$(SRCROOT)/Shunyi/Tools/PrefixHeader_pch";
				INFOPLIST_FILE = Shunyi/Info.plist;
				IPHONEOS_DEPLOYMENT_TARGET = 10.0;
				LD_RUNPATH_SEARCH_PATHS = (
					"$(inherited)",
					"@executable_path/Frameworks",
				);
				PRODUCT_BUNDLE_IDENTIFIER = www..Shunyi;
				PRODUCT_NAME = "$(TARGET_NAME)";
				TARGETED_DEVICE_FAMILY = "1,2";
			};
			name = Release;
		};
		CB30FA0E262420A800619C60 /* Debug */ = {
			isa = XCBuildConfiguration;
			buildSettings = {
				BUNDLE_LOADER = "$(TEST_HOST)";
				CODE_SIGN_STYLE = Automatic;
				DEVELOPMENT_TEAM = Y6NAY2YNF8;
				INFOPLIST_FILE = ShunyiTests/Info.plist;
				IPHONEOS_DEPLOYMENT_TARGET = 14.2;
				LD_RUNPATH_SEARCH_PATHS = (
					"$(inherited)",
					"@executable_path/Frameworks",
					"@loader_path/Frameworks",
				);
				PRODUCT_BUNDLE_IDENTIFIER = www..ShunyiTests;
				PRODUCT_NAME = "$(TARGET_NAME)";
				TARGETED_DEVICE_FAMILY = "1,2";
				TEST_HOST = "$(BUILT_PRODUCTS_DIR)/Shunyi.app/Shunyi";
			};
			name = Debug;
		};
		CB30FA0F262420A800619C60 /* Release */ = {
			isa = XCBuildConfiguration;
			buildSettings = {
				BUNDLE_LOADER = "$(TEST_HOST)";
				CODE_SIGN_STYLE = Automatic;
				DEVELOPMENT_TEAM = Y6NAY2YNF8;
				INFOPLIST_FILE = ShunyiTests/Info.plist;
				IPHONEOS_DEPLOYMENT_TARGET = 14.2;
				LD_RUNPATH_SEARCH_PATHS = (
					"$(inherited)",
					"@executable_path/Frameworks",
					"@loader_path/Frameworks",
				);
				PRODUCT_BUNDLE_IDENTIFIER = www..ShunyiTests;
				PRODUCT_NAME = "$(TARGET_NAME)";
				TARGETED_DEVICE_FAMILY = "1,2";
				TEST_HOST = "$(BUILT_PRODUCTS_DIR)/Shunyi.app/Shunyi";
			};
			name = Release;
		};
		CB30FA11262420A800619C60 /* Debug */ = {
			isa = XCBuildConfiguration;
			buildSettings = {
				CODE_SIGN_STYLE = Automatic;
				DEVELOPMENT_TEAM = Y6NAY2YNF8;
				INFOPLIST_FILE = ShunyiUITests/Info.plist;
				LD_RUNPATH_SEARCH_PATHS = (
					"$(inherited)",
					"@executable_path/Frameworks",
					"@loader_path/Frameworks",
				);
				PRODUCT_BUNDLE_IDENTIFIER = www..ShunyiUITests;
				PRODUCT_NAME = "$(TARGET_NAME)";
				TARGETED_DEVICE_FAMILY = "1,2";
				TEST_TARGET_NAME = Shunyi;
			};
			name = Debug;
		};
		CB30FA12262420A800619C60 /* Release */ = {
			isa = XCBuildConfiguration;
			buildSettings = {
				CODE_SIGN_STYLE = Automatic;
				DEVELOPMENT_TEAM = Y6NAY2YNF8;
				INFOPLIST_FILE = ShunyiUITests/Info.plist;
				LD_RUNPATH_SEARCH_PATHS = (
					"$(inherited)",
					"@executable_path/Frameworks",
					"@loader_path/Frameworks",
				);
				PRODUCT_BUNDLE_IDENTIFIER = www..ShunyiUITests;
				PRODUCT_NAME = "$(TARGET_NAME)";
				TARGETED_DEVICE_FAMILY = "1,2";
				TEST_TARGET_NAME = Shunyi;
			};
			name = Release;
		};
/* End XCBuildConfiguration section */

/* Begin XCConfigurationList section */
		CB30F9D6262420A700619C60 /* Build configuration list for PBXProject "Shunyi" */ = {
			isa = XCConfigurationList;
			buildConfigurations = (
				CB30FA08262420A800619C60 /* Debug */,
				CB30FA09262420A800619C60 /* Release */,
			);
			defaultConfigurationIsVisible = 0;
			defaultConfigurationName = Release;
		};
		CB30FA0A262420A800619C60 /* Build configuration list for PBXNativeTarget "Shunyi" */ = {
			isa = XCConfigurationList;
			buildConfigurations = (
				CB30FA0B262420A800619C60 /* Debug */,
				CB30FA0C262420A800619C60 /* Release */,
			);
			defaultConfigurationIsVisible = 0;
			defaultConfigurationName = Release;
		};
		CB30FA0D262420A800619C60 /* Build configuration list for PBXNativeTarget "ShunyiTests" */ = {
			isa = XCConfigurationList;
			buildConfigurations = (
				CB30FA0E262420A800619C60 /* Debug */,
				CB30FA0F262420A800619C60 /* Release */,
			);
			defaultConfigurationIsVisible = 0;
			defaultConfigurationName = Release;
		};
		CB30FA10262420A800619C60 /* Build configuration list for PBXNativeTarget "ShunyiUITests" */ = {
			isa = XCConfigurationList;
			buildConfigurations = (
				CB30FA11262420A800619C60 /* Debug */,
				CB30FA12262420A800619C60 /* Release */,
			);
			defaultConfigurationIsVisible = 0;
			defaultConfigurationName = Release;
		};
/* End XCConfigurationList section */
	};
	rootObject = CB30F9D3262420A700619C60 /* Project object */;
}
