// !$*UTF8*$!
{
	archiveVersion = 1;
	classes = {
	};
	objectVersion = 51;
	objects = {

/* Begin PBXBuildFile section */
		CB30F9E0262420A700619C60 /* AppDelegate.m in Sources */ = {isa = PBXBuildFile; fileRef = CB30F9DF262420A700619C60 /* AppDelegate.m */; };
		CB30F9EB262420A700619C60 /* Assets.xcassets in Resources */ = {isa = PBXBuildFile; fileRef = CB30F9EA262420A700619C60 /* Assets.xcassets */; };
		CB30F9EE262420A700619C60 /* LaunchScreen.storyboard in Resources */ = {isa = PBXBuildFile; fileRef = CB30F9EC262420A700619C60 /* LaunchScreen.storyboard */; };
		CB30F9F1262420A700619C60 /* main.m in Sources */ = {isa = PBXBuildFile; fileRef = CB30F9F0262420A700619C60 /* main.m */; };
		CB30F9FB262420A800619C60 /* ShunyiTests.m in Sources */ = {isa = PBXBuildFile; fileRef = CB30F9FA262420A800619C60 /* ShunyiTests.m */; };
		CB30FA06262420A800619C60 /* ShunyiUITests.m in Sources */ = {isa = PBXBuildFile; fileRef = CB30FA05262420A800619C60 /* ShunyiUITests.m */; };
		CB30FA24262426B200619C60 /* PrefixHeader_pch in Resources */ = {isa = PBXBuildFile; fileRef = CB30FA23262426B200619C60 /* PrefixHeader_pch */; };
		CB30FA3F262427DF00619C60 /* LoginViewController.m in Sources */ = {isa = PBXBuildFile; fileRef = CB30FA3E262427DF00619C60 /* LoginViewController.m */; };
		CB30FA44262427EB00619C60 /* Login.storyboard in Resources */ = {isa = PBXBuildFile; fileRef = CB30FA43262427EB00619C60 /* Login.storyboard */; };
		CB30FA4B26242DBD00619C60 /* BaseViewController.m in Sources */ = {isa = PBXBuildFile; fileRef = CB30FA4A26242DBD00619C60 /* BaseViewController.m */; };
		F5FB29CBA781D2216584B3F4 /* Pods_Shunyi.framework in Frameworks */ = {isa = PBXBuildFile; fileRef = 56EF86125C5C89AD8BE5AB34 /* Pods_Shunyi.framework */; };
/* End PBXBuildFile section */

/* Begin PBXContainerItemProxy section */
		CB30F9F7262420A800619C60 /* PBXContainerItemProxy */ = {
			isa = PBXContainerItemProxy;
			containerPortal = CB30F9D3262420A700619C60 /* Project object */;
			proxyType = 1;
			remoteGlobalIDString = CB30F9DA262420A700619C60;
			remoteInfo = Shunyi;
		};
		CB30FA02262420A800619C60 /* PBXContainerItemProxy */ = {
			isa = PBXContainerItemProxy;
			containerPortal = CB30F9D3262420A700619C60 /* Project object */;
			proxyType = 1;
			remoteGlobalIDString = CB30F9DA262420A700619C60;
			remoteInfo = Shunyi;
		};
/* End PBXContainerItemProxy section */

/* Begin PBXFileReference section */
		563872D94E7E614F5DD45581 /* Pods-Shunyi.release.xcconfig */ = {isa = PBXFileReference; includeInIndex = 1; lastKnownFileType = text.xcconfig; name = "Pods-Shunyi.release.xcconfig"; path = "Target Support Files/Pods-Shunyi/Pods-Shunyi.release.xcconfig"; sourceTree = "<group>"; };
		56EF86125C5C89AD8BE5AB34 /* Pods_Shunyi.framework */ = {isa = PBXFileReference; explicitFileType = wrapper.framework; includeInIndex = 0; path = Pods_Shunyi.framework; sourceTree = BUILT_PRODUCTS_DIR; };
		BB307EF61FE922AD12AE89FC /* Pods-Shunyi.debug.xcconfig */ = {isa = PBXFileReference; includeInIndex = 1; lastKnownFileType = text.xcconfig; name = "Pods-Shunyi.debug.xcconfig"; path = "Target Support Files/Pods-Shunyi/Pods-Shunyi.debug.xcconfig"; sourceTree = "<group>"; };
		CB30F9DB262420A700619C60 /* Shunyi.app */ = {isa = PBXFileReference; explicitFileType = wrapper.application; includeInIndex = 0; path = Shunyi.app; sourceTree = BUILT_PRODUCTS_DIR; };
		CB30F9DE262420A700619C60 /* AppDelegate.h */ = {isa = PBXFileReference; lastKnownFileType = sourcecode.c.h; path = AppDelegate.h; sourceTree = "<group>"; };
		CB30F9DF262420A700619C60 /* AppDelegate.m */ = {isa = PBXFileReference; lastKnownFileType = sourcecode.c.objc; path = AppDelegate.m; sourceTree = "<group>"; };
		CB30F9EA262420A700619C60 /* Assets.xcassets */ = {isa = PBXFileReference; lastKnownFileType = folder.assetcatalog; path = Assets.xcassets; sourceTree = "<group>"; };
		CB30F9ED262420A700619C60 /* Base */ = {isa = PBXFileReference; lastKnownFileType = file.storyboard; name = Base; path = Base.lproj/LaunchScreen.storyboard; sourceTree = "<group>"; };
		CB30F9EF262420A700619C60 /* Info.plist */ = {isa = PBXFileReference; lastKnownFileType = text.plist.xml; path = Info.plist; sourceTree = "<group>"; };
		CB30F9F0262420A700619C60 /* main.m */ = {isa = PBXFileReference; lastKnownFileType = sourcecode.c.objc; path = main.m; sourceTree = "<group>"; };
		CB30F9F6262420A800619C60 /* ShunyiTests.xctest */ = {isa = PBXFileReference; explicitFileType = wrapper.cfbundle; includeInIndex = 0; path = ShunyiTests.xctest; sourceTree = BUILT_PRODUCTS_DIR; };
		CB30F9FA262420A800619C60 /* ShunyiTests.m */ = {isa = PBXFileReference; lastKnownFileType = sourcecode.c.objc; path = ShunyiTests.m; sourceTree = "<group>"; };
		CB30F9FC262420A800619C60 /* Info.plist */ = {isa = PBXFileReference; lastKnownFileType = text.plist.xml; path = Info.plist; sourceTree = "<group>"; };
		CB30FA01262420A800619C60 /* ShunyiUITests.xctest */ = {isa = PBXFileReference; explicitFileType = wrapper.cfbundle; includeInIndex = 0; path = ShunyiUITests.xctest; sourceTree = BUILT_PRODUCTS_DIR; };
		CB30FA05262420A800619C60 /* ShunyiUITests.m */ = {isa = PBXFileReference; lastKnownFileType = sourcecode.c.objc; path = ShunyiUITests.m; sourceTree = "<group>"; };
		CB30FA07262420A800619C60 /* Info.plist */ = {isa = PBXFileReference; lastKnownFileType = text.plist.xml; path = Info.plist; sourceTree = "<group>"; };
		CB30FA222624264D00619C60 /* MacroDefinition.h */ = {isa = PBXFileReference; lastKnownFileType = sourcecode.c.h; path = MacroDefinition.h; sourceTree = "<group>"; };
		CB30FA23262426B200619C60 /* PrefixHeader_pch */ = {isa = PBXFileReference; explicitFileType = sourcecode.c.objc; fileEncoding = 4; path = PrefixHeader_pch; sourceTree = "<group>"; };
		CB30FA3D262427DF00619C60 /* LoginViewController.h */ = {isa = PBXFileReference; lastKnownFileType = sourcecode.c.h; path = LoginViewController.h; sourceTree = "<group>"; };
		CB30FA3E262427DF00619C60 /* LoginViewController.m */ = {isa = PBXFileReference; lastKnownFileType = sourcecode.c.objc; path = LoginViewController.m; sourceTree = "<group>"; };
		CB30FA43262427EB00619C60 /* Login.storyboard */ = {isa = PBXFileReference; lastKnownFileType = file.storyboard; path = Login.storyboard; sourceTree = "<group>"; };
		CB30FA4926242DBD00619C60 /* BaseViewController.h */ = {isa = PBXFileReference; lastKnownFileType = sourcecode.c.h; path = BaseViewController.h; sourceTree = "<group>"; };
		CB30FA4A26242DBD00619C60 /* BaseViewController.m */ = {isa = PBXFileReference; lastKnownFileType = sourcecode.c.objc; path = BaseViewController.m; sourceTree = "<group>"; };
/* End PBXFileReference section */

/* Begin PBXFrameworksBuildPhase section */
		CB30F9D8262420A700619C60 /* Frameworks */ = {
			isa = PBXFrameworksBuildPhase;
			buildActionMask = 2147483647;
			files = (
				F5FB29CBA781D2216584B3F4 /* Pods_Shunyi.framework in Frameworks */,
			);
			runOnlyForDeploymentPostprocessing = 0;
		};
		CB30F9F3262420A800619C60 /* Frameworks */ = {
			isa = PBXFrameworksBuildPhase;
			buildActionMask = 2147483647;
			files = (
			);
			runOnlyForDeploymentPostprocessing = 0;
		};
		CB30F9FE262420A800619C60 /* Frameworks */ = {
			isa = PBXFrameworksBuildPhase;
			buildActionMask = 2147483647;
			files = (
			);
			runOnlyForDeploymentPostprocessing = 0;
		};
/* End PBXFrameworksBuildPhase section */

/* Begin PBXGroup section */
		113B7DE6BDDD2D262DB689EC /* Pods */ = {
			isa = PBXGroup;
			children = (
				BB307EF61FE922AD12AE89FC /* Pods-Shunyi.debug.xcconfig */,
				563872D94E7E614F5DD45581 /* Pods-Shunyi.release.xcconfig */,
			);
			path = Pods;
			sourceTree = "<group>";
		};
		3A06FEC3E1B9C63AEC4E8B27 /* Frameworks */ = {
			isa = PBXGroup;
			children = (
				56EF86125C5C89AD8BE5AB34 /* Pods_Shunyi.framework */,
			);
			name = Frameworks;
			sourceTree = "<group>";
		};
		CB30F9D2262420A700619C60 = {
			isa = PBXGroup;
			children = (
				CB30F9DD262420A700619C60 /* Shunyi */,
				CB30F9F9262420A800619C60 /* ShunyiTests */,
				CB30FA04262420A800619C60 /* ShunyiUITests */,
				CB30F9DC262420A700619C60 /* Products */,
				113B7DE6BDDD2D262DB689EC /* Pods */,
				3A06FEC3E1B9C63AEC4E8B27 /* Frameworks */,
			);
			sourceTree = "<group>";
		};
		CB30F9DC262420A700619C60 /* Products */ = {
			isa = PBXGroup;
			children = (
				CB30F9DB262420A700619C60 /* Shunyi.app */,
				CB30F9F6262420A800619C60 /* ShunyiTests.xctest */,
				CB30FA01262420A800619C60 /* ShunyiUITests.xctest */,
			);
			name = Products;
			sourceTree = "<group>";
		};
		CB30F9DD262420A700619C60 /* Shunyi */ = {
			isa = PBXGroup;
			children = (
				CB30FA4826242DAC00619C60 /* Base */,
				CB30FA21262425FE00619C60 /* Tools */,
				CB30F9DE262420A700619C60 /* AppDelegate.h */,
				CB30F9DF262420A700619C60 /* AppDelegate.m */,
				CB30FA1D2624244400619C60 /* Login */,
				CB30FA1C2624243C00619C60 /* Home */,
				CB30F9EA262420A700619C60 /* Assets.xcassets */,
				CB30F9EC262420A700619C60 /* LaunchScreen.storyboard */,
				CB30F9EF262420A700619C60 /* Info.plist */,
				CB30F9F0262420A700619C60 /* main.m */,
			);
			path = Shunyi;
			sourceTree = "<group>";
		};
		CB30F9F9262420A800619C60 /* ShunyiTests */ = {
			isa = PBXGroup;
			children = (
				CB30F9FA262420A800619C60 /* ShunyiTests.m */,
				CB30F9FC262420A800619C60 /* Info.plist */,
			);
			path = ShunyiTests;
			sourceTree = "<group>";
		};
		CB30FA04262420A800619C60 /* ShunyiUITests */ = {
			isa = PBXGroup;
			children = (
				CB30FA05262420A800619C60 /* ShunyiUITests.m */,
				CB30FA07262420A800619C60 /* Info.plist */,
			);
			path = ShunyiUITests;
			sourceTree = "<group>";
		};
		CB30FA1C2624243C00619C60 /* Home */ = {
			isa = PBXGroup;
			children = (
			);
			path = Home;
			sourceTree = "<group>";
		};
		CB30FA1D2624244400619C60 /* Login */ = {
			isa = PBXGroup;
			children = (
				CB30FA3D262427DF00619C60 /* LoginViewController.h */,
				CB30FA3E262427DF00619C60 /* LoginViewController.m */,
				CB30FA43262427EB00619C60 /* Login.storyboard */,
			);
			path = Login;
			sourceTree = "<group>";
		};
		CB30FA21262425FE00619C60 /* Tools */ = {
			isa = PBXGroup;
			children = (
				CB30FA222624264D00619C60 /* MacroDefinition.h */,
				CB30FA23262426B200619C60 /* PrefixHeader_pch */,
			);
			path = Tools;
			sourceTree = "<group>";
		};
		CB30FA4826242DAC00619C60 /* Base */ = {
			isa = PBXGroup;
			children = (
				CB30FA4926242DBD00619C60 /* BaseViewController.h */,
				CB30FA4A26242DBD00619C60 /* BaseViewController.m */,
			);
			path = Base;
			sourceTree = "<group>";
		};
/* End PBXGroup section */

/* Begin PBXNativeTarget section */
		CB30F9DA262420A700619C60 /* Shunyi */ = {
			isa = PBXNativeTarget;
			buildConfigurationList = CB30FA0A262420A800619C60 /* Build configuration list for PBXNativeTarget "Shunyi" */;
			buildPhases = (
				F349BA74934AD04BD272350A /* [CP] Check Pods Manifest.lock */,
				CB30F9D7262420A700619C60 /* Sources */,
				CB30F9D8262420A700619C60 /* Frameworks */,
				CB30F9D9262420A700619C60 /* Resources */,
				8F3DAC07A032BF4CD5BB88D2 /* [CP] Embed Pods Frameworks */,
			);
			buildRules = (
			);
			dependencies = (
			);
			name = Shunyi;
			productName = Shunyi;
			productReference = CB30F9DB262420A700619C60 /* Shunyi.app */;
			productType = "com.apple.product-type.application";
		};
		CB30F9F5262420A800619C60 /* ShunyiTests */ = {
			isa = PBXNativeTarget;
			buildConfigurationList = CB30FA0D262420A800619C60 /* Build configuration list for PBXNativeTarget "ShunyiTests" */;
			buildPhases = (
				CB30F9F2262420A800619C60 /* Sources */,
				CB30F9F3262420A800619C60 /* Frameworks */,
				CB30F9F4262420A800619C60 /* Resources */,
			);
			buildRules = (
			);
			dependencies = (
				CB30F9F8262420A800619C60 /* PBXTargetDependency */,
			);
			name = ShunyiTests;
			productName = ShunyiTests;
			productReference = CB30F9F6262420A800619C60 /* ShunyiTests.xctest */;
			productType = "com.apple.product-type.bundle.unit-test";
		};
		CB30FA00262420A800619C60 /* ShunyiUITests */ = {
			isa = PBXNativeTarget;
			buildConfigurationList = CB30FA10262420A800619C60 /* Build configuration list for PBXNativeTarget "ShunyiUITests" */;
			buildPhases = (
				CB30F9FD262420A800619C60 /* Sources */,
				CB30F9FE262420A800619C60 /* Frameworks */,
				CB30F9FF262420A800619C60 /* Resources */,
			);
			buildRules = (
			);
			dependencies = (
				CB30FA03262420A800619C60 /* PBXTargetDependency */,
			);
			name = ShunyiUITests;
			productName = ShunyiUITests;
			productReference = CB30FA01262420A800619C60 /* ShunyiUITests.xctest */;
			productType = "com.apple.product-type.bundle.ui-testing";
		};
/* End PBXNativeTarget section */

/* Begin PBXProject section */
		CB30F9D3262420A700619C60 /* Project object */ = {
			isa = PBXProject;
			attributes = {
				LastUpgradeCheck = 1220;
				TargetAttributes = {
					CB30F9DA262420A700619C60 = {
						CreatedOnToolsVersion = 12.2;
					};
					CB30F9F5262420A800619C60 = {
						CreatedOnToolsVersion = 12.2;
						TestTargetID = CB30F9DA262420A700619C60;
					};
					CB30FA00262420A800619C60 = {
						CreatedOnToolsVersion = 12.2;
						TestTargetID = CB30F9DA262420A700619C60;
					};
				};
			};
			buildConfigurationList = CB30F9D6262420A700619C60 /* Build configuration list for PBXProject "Shunyi" */;
			compatibilityVersion = "Xcode 9.3";
			developmentRegion = en;
			hasScannedForEncodings = 0;
			knownRegions = (
				en,
				Base,
			);
			mainGroup = CB30F9D2262420A700619C60;
			productRefGroup = CB30F9DC262420A700619C60 /* Products */;
			projectDirPath = "";
			projectRoot = "";
			targets = (
				CB30F9DA262420A700619C60 /* Shunyi */,
				CB30F9F5262420A800619C60 /* ShunyiTests */,
				CB30FA00262420A800619C60 /* ShunyiUITests */,
			);
		};
/* End PBXProject section */

/* Begin PBXResourcesBuildPhase section */
		CB30F9D9262420A700619C60 /* Resources */ = {
			isa = PBXResourcesBuildPhase;
			buildActionMask = 2147483647;
			files = (
				CB30FA44262427EB00619C60 /* Login.storyboard in Resources */,
				CB30F9EE262420A700619C60 /* LaunchScreen.storyboard in Resources */,
				CB30FA24262426B200619C60 /* PrefixHeader_pch in Resources */,
				CB30F9EB262420A700619C60 /* Assets.xcassets in Resources */,
			);
			runOnlyForDeploymentPostprocessing = 0;
		};
		CB30F9F4262420A800619C60 /* Resources */ = {
			isa = PBXResourcesBuildPhase;
			buildActionMask = 2147483647;
			files = (
			);
			runOnlyForDeploymentPostprocessing = 0;
		};
		CB30F9FF262420A800619C60 /* Resources */ = {
			isa = PBXResourcesBuildPhase;
			buildActionMask = 2147483647;
			files = (
			);
			runOnlyForDeploymentPostprocessing = 0;
		};
/* End PBXResourcesBuildPhase section */

/* Begin PBXShellScriptBuildPhase section */
		8F3DAC07A032BF4CD5BB88D2 /* [CP] Embed Pods Frameworks */ = {
			isa = PBXShellScriptBuildPhase;
			buildActionMask = 2147483647;
			files = (
			);
			inputFileListPaths = (
				"${PODS_ROOT}/Target Support Files/Pods-Shunyi/Pods-Shunyi-frameworks-${CONFIGURATION}-input-files.xcfilelist",
			);
			name = "[CP] Embed Pods Frameworks";
			outputFileListPaths = (
				"${PODS_ROOT}/Target Support Files/Pods-Shunyi/Pods-Shunyi-frameworks-${CONFIGURATION}-output-files.xcfilelist",
			);
			runOnlyForDeploymentPostprocessing = 0;
			shellPath = /bin/sh;
			shellScript = "\"${PODS_ROOT}/Target Support Files/Pods-Shunyi/Pods-Shunyi-frameworks.sh\"\n";
			showEnvVarsInLog = 0;
		};
		F349BA74934AD04BD272350A /* [CP] Check Pods Manifest.lock */ = {
			isa = PBXShellScriptBuildPhase;
			buildActionMask = 2147483647;
			files = (
			);
			inputFileListPaths = (
			);
			inputPaths = (
				"${PODS_PODFILE_DIR_PATH}/Podfile.lock",
				"${PODS_ROOT}/Manifest.lock",
			);
			name = "[CP] Check Pods Manifest.lock";
			outputFileListPaths = (
			);
			outputPaths = (
				"$(DERIVED_FILE_DIR)/Pods-Shunyi-checkManifestLockResult.txt",
			);
			runOnlyForDeploymentPostprocessing = 0;
			shellPath = /bin/sh;
			shellScript = "diff \"${PODS_PODFILE_DIR_PATH}/Podfile.lock\" \"${PODS_ROOT}/Manifest.lock\" > /dev/null\nif [ $? != 0 ] ; then\n    # print error to STDERR\n    echo \"error: The sandbox is not in sync with the Podfile.lock. Run 'pod install' or update your CocoaPods installation.\" >&2\n    exit 1\nfi\n# This output is used by Xcode 'outputs' to avoid re-running this script phase.\necho \"SUCCESS\" > \"${SCRIPT_OUTPUT_FILE_0}\"\n";
			showEnvVarsInLog = 0;
		};
/* End PBXShellScriptBuildPhase section */

/* Begin PBXSourcesBuildPhase section */
		CB30F9D7262420A700619C60 /* Sources */ = {
			isa = PBXSourcesBuildPhase;
			buildActionMask = 2147483647;
			files = (
				CB30F9E0262420A700619C60 /* AppDelegate.m in Sources */,
				CB30FA4B26242DBD00619C60 /* BaseViewController.m in Sources */,
				CB30F9F1262420A700619C60 /* main.m in Sources */,
				CB30FA3F262427DF00619C60 /* LoginViewController.m in Sources */,
			);
			runOnlyForDeploymentPostprocessing = 0;
		};
		CB30F9F2262420A800619C60 /* Sources */ = {
			isa = PBXSourcesBuildPhase;
			buildActionMask = 2147483647;
			files = (
				CB30F9FB262420A800619C60 /* ShunyiTests.m in Sources */,
			);
			runOnlyForDeploymentPostprocessing = 0;
		};
		CB30F9FD262420A800619C60 /* Sources */ = {
			isa = PBXSourcesBuildPhase;
			buildActionMask = 2147483647;
			files = (
				CB30FA06262420A800619C60 /* ShunyiUITests.m in Sources */,
			);
			runOnlyForDeploymentPostprocessing = 0;
		};
/* End PBXSourcesBuildPhase section */

/* Begin PBXTargetDependency section */
		CB30F9F8262420A800619C60 /* PBXTargetDependency */ = {
			isa = PBXTargetDependency;
			target = CB30F9DA262420A700619C60 /* Shunyi */;
			targetProxy = CB30F9F7262420A800619C60 /* PBXContainerItemProxy */;
		};
		CB30FA03262420A800619C60 /* PBXTargetDependency */ = {
			isa = PBXTargetDependency;
			target = CB30F9DA262420A700619C60 /* Shunyi */;
			targetProxy = CB30FA02262420A800619C60 /* PBXContainerItemProxy */;
		};
/* End PBXTargetDependency section */

/* Begin PBXVariantGroup section */
		CB30F9EC262420A700619C60 /* LaunchScreen.storyboard */ = {
			isa = PBXVariantGroup;
			children = (
				CB30F9ED262420A700619C60 /* Base */,
			);
			name = LaunchScreen.storyboard;
			sourceTree = "<group>";
		};
/* End PBXVariantGroup section */

/* Begin XCBuildConfiguration section */
		CB30FA08262420A800619C60 /* Debug */ = {
			isa = XCBuildConfiguration;
			buildSettings = {
				ALWAYS_SEARCH_USER_PATHS = NO;
				CLANG_ANALYZER_NONNULL = YES;
				CLANG_ANALYZER_NUMBER_OBJECT_CONVERSION = YES_AGGRESSIVE;
				CLANG_CXX_LANGUAGE_STANDARD = "gnu++14";
				CLANG_CXX_LIBRARY = "libc++";
				CLANG_ENABLE_MODULES = YES;
				CLANG_ENABLE_OBJC_ARC = YES;
				CLANG_ENABLE_OBJC_WEAK = YES;
				CLANG_WARN_BLOCK_CAPTURE_AUTORELEASING = YES;
				CLANG_WARN_BOOL_CONVERSION = YES;
				CLANG_WARN_COMMA = YES;
				CLANG_WARN_CONSTANT_CONVERSION = YES;
				CLANG_WARN_DEPRECATED_OBJC_IMPLEMENTATIONS = YES;
				CLANG_WARN_DIRECT_OBJC_ISA_USAGE = YES_ERROR;
				CLANG_WARN_DOCUMENTATION_COMMENTS = YES;
				CLANG_WARN_EMPTY_BODY = YES;
				CLANG_WARN_ENUM_CONVERSION = YES;
				CLANG_WARN_INFINITE_RECURSION = YES;
				CLANG_WARN_INT_CONVERSION = YES;
				CLANG_WARN_NON_LITERAL_NULL_CONVERSION = YES;
				CLANG_WARN_OBJC_IMPLICIT_RETAIN_SELF = YES;
				CLANG_WARN_OBJC_LITERAL_CONVERSION = YES;
				CLANG_WARN_OBJC_ROOT_CLASS = YES_ERROR;
				CLANG_WARN_QUOTED_INCLUDE_IN_FRAMEWORK_HEADER = YES;
				CLANG_WARN_RANGE_LOOP_ANALYSIS = YES;
				CLANG_WARN_STRICT_PROTOTYPES = YES;
				CLANG_WARN_SUSPICIOUS_MOVE = YES;
				CLANG_WARN_UNGUARDED_AVAILABILITY = YES_AGGRESSIVE;
				CLANG_WARN_UNREACHABLE_CODE = YES;
				CLANG_WARN__DUPLICATE_METHOD_MATCH = YES;
				COPY_PHASE_STRIP = NO;
				DEBUG_INFORMATION_FORMAT = dwarf;
				ENABLE_STRICT_OBJC_MSGSEND = YES;
				ENABLE_TESTABILITY = YES;
				GCC_C_LANGUAGE_STANDARD = gnu11;
				GCC_DYNAMIC_NO_PIC = NO;
				GCC_NO_COMMON_BLOCKS = YES;
				GCC_OPTIMIZATION_LEVEL = 0;
				GCC_PREPROCESSOR_DEFINITIONS = (
					"DEBUG=1",
					"$(inherited)",
				);
				GCC_WARN_64_TO_32_BIT_CONVERSION = YES;
				GCC_WARN_ABOUT_RETURN_TYPE = YES_ERROR;
				GCC_WARN_UNDECLARED_SELECTOR = YES;
				GCC_WARN_UNINITIALIZED_AUTOS = YES_AGGRESSIVE;
				GCC_WARN_UNUSED_FUNCTION = YES;
				GCC_WARN_UNUSED_VARIABLE = YES;
				IPHONEOS_DEPLOYMENT_TARGET = 14.2;
				MTL_ENABLE_DEBUG_INFO = INCLUDE_SOURCE;
				MTL_FAST_MATH = YES;
				ONLY_ACTIVE_ARCH = YES;
				SDKROOT = iphoneos;
			};
			name = Debug;
		};
		CB30FA09262420A800619C60 /* Release */ = {
			isa = XCBuildConfiguration;
			buildSettings = {
				ALWAYS_SEARCH_USER_PATHS = NO;
				CLANG_ANALYZER_NONNULL = YES;
				CLANG_ANALYZER_NUMBER_OBJECT_CONVERSION = YES_AGGRESSIVE;
				CLANG_CXX_LANGUAGE_STANDARD = "gnu++14";
				CLANG_CXX_LIBRARY = "libc++";
				CLANG_ENABLE_MODULES = YES;
				CLANG_ENABLE_OBJC_ARC = YES;
				CLANG_ENABLE_OBJC_WEAK = YES;
				CLANG_WARN_BLOCK_CAPTURE_AUTORELEASING = YES;
				CLANG_WARN_BOOL_CONVERSION = YES;
				CLANG_WARN_COMMA = YES;
				CLANG_WARN_CONSTANT_CONVERSION = YES;
				CLANG_WARN_DEPRECATED_OBJC_IMPLEMENTATIONS = YES;
				CLANG_WARN_DIRECT_OBJC_ISA_USAGE = YES_ERROR;
				CLANG_WARN_DOCUMENTATION_COMMENTS = YES;
				CLANG_WARN_EMPTY_BODY = YES;
				CLANG_WARN_ENUM_CONVERSION = YES;
				CLANG_WARN_INFINITE_RECURSION = YES;
				CLANG_WARN_INT_CONVERSION = YES;
				CLANG_WARN_NON_LITERAL_NULL_CONVERSION = YES;
				CLANG_WARN_OBJC_IMPLICIT_RETAIN_SELF = YES;
				CLANG_WARN_OBJC_LITERAL_CONVERSION = YES;
				CLANG_WARN_OBJC_ROOT_CLASS = YES_ERROR;
				CLANG_WARN_QUOTED_INCLUDE_IN_FRAMEWORK_HEADER = YES;
				CLANG_WARN_RANGE_LOOP_ANALYSIS = YES;
				CLANG_WARN_STRICT_PROTOTYPES = YES;
				CLANG_WARN_SUSPICIOUS_MOVE = YES;
				CLANG_WARN_UNGUARDED_AVAILABILITY = YES_AGGRESSIVE;
				CLANG_WARN_UNREACHABLE_CODE = YES;
				CLANG_WARN__DUPLICATE_METHOD_MATCH = YES;
				COPY_PHASE_STRIP = NO;
				DEBUG_INFORMATION_FORMAT = "dwarf-with-dsym";
				ENABLE_NS_ASSERTIONS = NO;
				ENABLE_STRICT_OBJC_MSGSEND = YES;
				GCC_C_LANGUAGE_STANDARD = gnu11;
				GCC_NO_COMMON_BLOCKS = YES;
				GCC_WARN_64_TO_32_BIT_CONVERSION = YES;
				GCC_WARN_ABOUT_RETURN_TYPE = YES_ERROR;
				GCC_WARN_UNDECLARED_SELECTOR = YES;
				GCC_WARN_UNINITIALIZED_AUTOS = YES_AGGRESSIVE;
				GCC_WARN_UNUSED_FUNCTION = YES;
				GCC_WARN_UNUSED_VARIABLE = YES;
				IPHONEOS_DEPLOYMENT_TARGET = 14.2;
				MTL_ENABLE_DEBUG_INFO = NO;
				MTL_FAST_MATH = YES;
				SDKROOT = iphoneos;
				VALIDATE_PRODUCT = YES;
			};
			name = Release;
		};
		CB30FA0B262420A800619C60 /* Debug */ = {
			isa = XCBuildConfiguration;
			baseConfigurationReference = BB307EF61FE922AD12AE89FC /* Pods-Shunyi.debug.xcconfig */;
			buildSettings = {
				ASSETCATALOG_COMPILER_APPICON_NAME = AppIcon;
				ASSETCATALOG_COMPILER_GLOBAL_ACCENT_COLOR_NAME = AccentColor;
				CODE_SIGN_STYLE = Automatic;
				DEVELOPMENT_TEAM = Y6NAY2YNF8;
				GCC_PREFIX_HEADER = "$(SRCROOT)/Shunyi/Tools/PrefixHeader_pch";
				INFOPLIST_FILE = Shunyi/Info.plist;
				LD_RUNPATH_SEARCH_PATHS = (
					"$(inherited)",
					"@executable_path/Frameworks",
				);
				PRODUCT_BUNDLE_IDENTIFIER = www..Shunyi;
				PRODUCT_NAME = "$(TARGET_NAME)";
				TARGETED_DEVICE_FAMILY = "1,2";
			};
			name = Debug;
		};
		CB30FA0C262420A800619C60 /* Release */ = {
			isa = XCBuildConfiguration;
			baseConfigurationReference = 563872D94E7E614F5DD45581 /* Pods-Shunyi.release.xcconfig */;
			buildSettings = {
				ASSETCATALOG_COMPILER_APPICON_NAME = AppIcon;
				ASSETCATALOG_COMPILER_GLOBAL_ACCENT_COLOR_NAME = AccentColor;
				CODE_SIGN_STYLE = Automatic;
				DEVELOPMENT_TEAM = Y6NAY2YNF8;
				GCC_PREFIX_HEADER = "$(SRCROOT)/Shunyi/Tools/PrefixHeader_pch";
				INFOPLIST_FILE = Shunyi/Info.plist;
				LD_RUNPATH_SEARCH_PATHS = (
					"$(inherited)",
					"@executable_path/Frameworks",
				);
				PRODUCT_BUNDLE_IDENTIFIER = www..Shunyi;
				PRODUCT_NAME = "$(TARGET_NAME)";
				TARGETED_DEVICE_FAMILY = "1,2";
			};
			name = Release;
		};
		CB30FA0E262420A800619C60 /* Debug */ = {
			isa = XCBuildConfiguration;
			buildSettings = {
				BUNDLE_LOADER = "$(TEST_HOST)";
				CODE_SIGN_STYLE = Automatic;
				DEVELOPMENT_TEAM = Y6NAY2YNF8;
				INFOPLIST_FILE = ShunyiTests/Info.plist;
				IPHONEOS_DEPLOYMENT_TARGET = 14.2;
				LD_RUNPATH_SEARCH_PATHS = (
					"$(inherited)",
					"@executable_path/Frameworks",
					"@loader_path/Frameworks",
				);
				PRODUCT_BUNDLE_IDENTIFIER = www..ShunyiTests;
				PRODUCT_NAME = "$(TARGET_NAME)";
				TARGETED_DEVICE_FAMILY = "1,2";
				TEST_HOST = "$(BUILT_PRODUCTS_DIR)/Shunyi.app/Shunyi";
			};
			name = Debug;
		};
		CB30FA0F262420A800619C60 /* Release */ = {
			isa = XCBuildConfiguration;
			buildSettings = {
				BUNDLE_LOADER = "$(TEST_HOST)";
				CODE_SIGN_STYLE = Automatic;
				DEVELOPMENT_TEAM = Y6NAY2YNF8;
				INFOPLIST_FILE = ShunyiTests/Info.plist;
				IPHONEOS_DEPLOYMENT_TARGET = 14.2;
				LD_RUNPATH_SEARCH_PATHS = (
					"$(inherited)",
					"@executable_path/Frameworks",
					"@loader_path/Frameworks",
				);
				PRODUCT_BUNDLE_IDENTIFIER = www..ShunyiTests;
				PRODUCT_NAME = "$(TARGET_NAME)";
				TARGETED_DEVICE_FAMILY = "1,2";
				TEST_HOST = "$(BUILT_PRODUCTS_DIR)/Shunyi.app/Shunyi";
			};
			name = Release;
		};
		CB30FA11262420A800619C60 /* Debug */ = {
			isa = XCBuildConfiguration;
			buildSettings = {
				CODE_SIGN_STYLE = Automatic;
				DEVELOPMENT_TEAM = Y6NAY2YNF8;
				INFOPLIST_FILE = ShunyiUITests/Info.plist;
				LD_RUNPATH_SEARCH_PATHS = (
					"$(inherited)",
					"@executable_path/Frameworks",
					"@loader_path/Frameworks",
				);
				PRODUCT_BUNDLE_IDENTIFIER = www..ShunyiUITests;
				PRODUCT_NAME = "$(TARGET_NAME)";
				TARGETED_DEVICE_FAMILY = "1,2";
				TEST_TARGET_NAME = Shunyi;
			};
			name = Debug;
		};
		CB30FA12262420A800619C60 /* Release */ = {
			isa = XCBuildConfiguration;
			buildSettings = {
				CODE_SIGN_STYLE = Automatic;
				DEVELOPMENT_TEAM = Y6NAY2YNF8;
				INFOPLIST_FILE = ShunyiUITests/Info.plist;
				LD_RUNPATH_SEARCH_PATHS = (
					"$(inherited)",
					"@executable_path/Frameworks",
					"@loader_path/Frameworks",
				);
				PRODUCT_BUNDLE_IDENTIFIER = www..ShunyiUITests;
				PRODUCT_NAME = "$(TARGET_NAME)";
				TARGETED_DEVICE_FAMILY = "1,2";
				TEST_TARGET_NAME = Shunyi;
			};
			name = Release;
		};
/* End XCBuildConfiguration section */

/* Begin XCConfigurationList section */
		CB30F9D6262420A700619C60 /* Build configuration list for PBXProject "Shunyi" */ = {
			isa = XCConfigurationList;
			buildConfigurations = (
				CB30FA08262420A800619C60 /* Debug */,
				CB30FA09262420A800619C60 /* Release */,
			);
			defaultConfigurationIsVisible = 0;
			defaultConfigurationName = Release;
		};
		CB30FA0A262420A800619C60 /* Build configuration list for PBXNativeTarget "Shunyi" */ = {
			isa = XCConfigurationList;
			buildConfigurations = (
				CB30FA0B262420A800619C60 /* Debug */,
				CB30FA0C262420A800619C60 /* Release */,
			);
			defaultConfigurationIsVisible = 0;
			defaultConfigurationName = Release;
		};
		CB30FA0D262420A800619C60 /* Build configuration list for PBXNativeTarget "ShunyiTests" */ = {
			isa = XCConfigurationList;
			buildConfigurations = (
				CB30FA0E262420A800619C60 /* Debug */,
				CB30FA0F262420A800619C60 /* Release */,
			);
			defaultConfigurationIsVisible = 0;
			defaultConfigurationName = Release;
		};
		CB30FA10262420A800619C60 /* Build configuration list for PBXNativeTarget "ShunyiUITests" */ = {
			isa = XCConfigurationList;
			buildConfigurations = (
				CB30FA11262420A800619C60 /* Debug */,
				CB30FA12262420A800619C60 /* Release */,
			);
			defaultConfigurationIsVisible = 0;
			defaultConfigurationName = Release;
		};
/* End XCConfigurationList section */
	};
	rootObject = CB30F9D3262420A700619C60 /* Project object */;
}
