PODS:
  - AFNetworking (4.0.1):
    - AFNetworking/NSURLSession (= 4.0.1)
    - AFNetworking/Reachability (= 4.0.1)
    - AFNetworking/Security (= 4.0.1)
    - AFNetworking/Serialization (= 4.0.1)
    - AFNetworking/UIKit (= 4.0.1)
  - AFNetworking/NSURLSession (4.0.1):
    - AFNetworking/Reachability
    - AFNetworking/Security
    - AFNetworking/Serialization
  - AFNetworking/Reachability (4.0.1)
  - AFNetworking/Security (4.0.1)
  - AFNetworking/Serialization (4.0.1)
  - AFNetworking/UIKit (4.0.1):
    - AFNetworking/NSURLSession
  - Bugly (2.5.0)
  - IQKeyboardManager (6.5.6)
  - Masonry (1.1.0)
  - MBProgressHUD (1.0.0)
  - MJExtension (3.2.2)
  - MJRefresh (3.5.0)
  - ReactiveObjC (3.1.1)
  - Realm (10.1.0):
    - Realm/Headers (= 10.1.0)
  - Realm/Headers (10.1.0)
  - SDWebImage (5.9.3):
    - SDWebImage/Core (= 5.9.3)
  - SDWebImage/Core (5.9.3)
  - Toast (4.0.0)

DEPENDENCIES:
  - AFNetworking (= 4.0.1)
  - Bugly (= 2.5.0)
  - IQKeyboardManager
  - Masonry
  - MBProgressHUD (~> 1.0.0)
  - MJExtension (= 3.2.2)
  - MJRefresh
  - ReactiveObjC
  - Realm
  - SDWebImage
  - Toast

SPEC REPOS:
  trunk:
    - AFNetworking
    - Bugly
    - IQKeyboardManager
    - Masonry
    - MBProgressHUD
    - MJExtension
    - MJRefresh
    - ReactiveObjC
    - Realm
    - SDWebImage
    - Toast

SPEC CHECKSUMS:
  AFNetworking: 7864c38297c79aaca1500c33288e429c3451fdce
  Bugly: 3ca9f255c01025582df26f9222893b383c7e4b4e
  IQKeyboardManager: 2a6e97afdafc7becf0cb17a9a8d795e3a980717f
  Masonry: 678fab65091a9290e40e2832a55e7ab731aad201
  MBProgressHUD: 4890f671c94e8a0f3cf959aa731e9de2f036d71a
  MJExtension: d9b9c74cbdeb724c1e9ecbb157b318276e62e876
  MJRefresh: 6afc955813966afb08305477dd7a0d9ad5e79a16
  ReactiveObjC: 011caa393aa0383245f2dcf9bf02e86b80b36040
  Realm: 100df88a0faf5328f48477427e4b3e1a1598bae3
  SDWebImage: a31ee8e90a97303529e03fb0c333eae0eacb88e9
  Toast: 91b396c56ee72a5790816f40d3a94dd357abc196

PODFILE CHECKSUM: e045a5c46885344461b0bf7f40f7c1ef78f836fc

COCOAPODS: 1.10.0
